// !$*UTF8*$!
{
	archiveVersion = 1;
	classes = {
	};
	objectVersion = 77;
	objects = {

/* Begin PBXBuildFile section */
		1FC127272FA2C13D00B659CC /* AppDelegate.swift in Sources */ = {isa = PBXBuildFile; fileRef = 1FC127262FA2C13D00B659CC /* AppDelegate.swift */; };
		1FC127292FA2C13D00B659CC /* SceneDelegate.swift in Sources */ = {isa = PBXBuildFile; fileRef = 1FC127282FA2C13D00B659CC /* SceneDelegate.swift */; };
		1FC1272C2FA2C13D00B659CC /* LaunchScreen.storyboard in Resources */ = {isa = PBXBuildFile; fileRef = 1FC1272A2FA2C13D00B659CC /* LaunchScreen.storyboard */; };
		1FC1272F2FA2C13D00B659CC /* Main.storyboard in Resources */ = {isa = PBXBuildFile; fileRef = 1FC1272D2FA2C13D00B659CC /* Main.storyboard */; };
		1FC127382FA2C13D00B659CC /* AppDelegate.swift in Sources */ = {isa = PBXBuildFile; fileRef = 1FC127372FA2C13D00B659CC /* AppDelegate.swift */; };
		1FC1273B2FA2C13D00B659CC /* Main.storyboard in Resources */ = {isa = PBXBuildFile; fileRef = 1FC127392FA2C13D00B659CC /* Main.storyboard */; };
		1FC127422FA2C13D00B659CC /* Pinpoint Accessibility Checker Extension.appex in Embed Foundation Extensions */ = {isa = PBXBuildFile; fileRef = 1FC127412FA2C13D00B659CC /* Pinpoint Accessibility Checker Extension.appex */; settings = {ATTRIBUTES = (RemoveHeadersOnCopy, ); }; };
		1FC1274C2FA2C13D00B659CC /* Pinpoint Accessibility Checker Extension.appex in Embed Foundation Extensions */ = {isa = PBXBuildFile; fileRef = 1FC1274B2FA2C13D00B659CC /* Pinpoint Accessibility Checker Extension.appex */; settings = {ATTRIBUTES = (RemoveHeadersOnCopy, ); }; };
		1FC127512FA2C13D00B659CC /* Main.html in Resources */ = {isa = PBXBuildFile; fileRef = 1FC127162FA2C13B00B659CC /* Main.html */; };
		1FC127522FA2C13D00B659CC /* Main.html in Resources */ = {isa = PBXBuildFile; fileRef = 1FC127162FA2C13B00B659CC /* Main.html */; };
		1FC127532FA2C13D00B659CC /* Icon.png in Resources */ = {isa = PBXBuildFile; fileRef = 1FC127182FA2C13B00B659CC /* Icon.png */; };
		1FC127542FA2C13D00B659CC /* Icon.png in Resources */ = {isa = PBXBuildFile; fileRef = 1FC127182FA2C13B00B659CC /* Icon.png */; };
		1FC127552FA2C13D00B659CC /* Style.css in Resources */ = {isa = PBXBuildFile; fileRef = 1FC127192FA2C13B00B659CC /* Style.css */; };
		1FC127562FA2C13D00B659CC /* Style.css in Resources */ = {isa = PBXBuildFile; fileRef = 1FC127192FA2C13B00B659CC /* Style.css */; };
		1FC127572FA2C13D00B659CC /* Script.js in Resources */ = {isa = PBXBuildFile; fileRef = 1FC1271A2FA2C13B00B659CC /* Script.js */; };
		1FC127582FA2C13D00B659CC /* Script.js in Resources */ = {isa = PBXBuildFile; fileRef = 1FC1271A2FA2C13B00B659CC /* Script.js */; };
		1FC127592FA2C13D00B659CC /* ViewController.swift in Sources */ = {isa = PBXBuildFile; fileRef = 1FC1271B2FA2C13B00B659CC /* ViewController.swift */; };
		1FC1275A2FA2C13D00B659CC /* ViewController.swift in Sources */ = {isa = PBXBuildFile; fileRef = 1FC1271B2FA2C13B00B659CC /* ViewController.swift */; };
		1FC1275B2FA2C13D00B659CC /* Assets.xcassets in Resources */ = {isa = PBXBuildFile; fileRef = 1FC1271C2FA2C13D00B659CC /* Assets.xcassets */; };
		1FC1275C2FA2C13D00B659CC /* Assets.xcassets in Resources */ = {isa = PBXBuildFile; fileRef = 1FC1271C2FA2C13D00B659CC /* Assets.xcassets */; };
		1FC1275D2FA2C13D00B659CC /* SafariWebExtensionHandler.swift in Sources */ = {isa = PBXBuildFile; fileRef = 1FC1271E2FA2C13D00B659CC /* SafariWebExtensionHandler.swift */; };
		1FC1275E2FA2C13D00B659CC /* SafariWebExtensionHandler.swift in Sources */ = {isa = PBXBuildFile; fileRef = 1FC1271E2FA2C13D00B659CC /* SafariWebExtensionHandler.swift */; };
		1FC1277A2FA2C13D00B659CC /* popup.js in Resources */ = {isa = PBXBuildFile; fileRef = 1FC127702FA2C13D00B659CC /* popup.js */; };
		1FC1277B2FA2C13D00B659CC /* gsap.min.js in Resources */ = {isa = PBXBuildFile; fileRef = 1FC127712FA2C13D00B659CC /* gsap.min.js */; };
		1FC1277C2FA2C13D00B659CC /* background.js in Resources */ = {isa = PBXBuildFile; fileRef = 1FC127722FA2C13D00B659CC /* background.js */; };
		1FC1277D2FA2C13D00B659CC /* popup.html in Resources */ = {isa = PBXBuildFile; fileRef = 1FC127732FA2C13D00B659CC /* popup.html */; };
		1FC1277E2FA2C13D00B659CC /* axe-core.min.js in Resources */ = {isa = PBXBuildFile; fileRef = 1FC127742FA2C13D00B659CC /* axe-core.min.js */; };
		1FC1277F2FA2C13D00B659CC /* accessibility-checker.js in Resources */ = {isa = PBXBuildFile; fileRef = 1FC127752FA2C13D00B659CC /* accessibility-checker.js */; };
		1FC127802FA2C13D00B659CC /* icons in Resources */ = {isa = PBXBuildFile; fileRef = 1FC127762FA2C13D00B659CC /* icons */; };
		1FC127812FA2C13D00B659CC /* manifest.json in Resources */ = {isa = PBXBuildFile; fileRef = 1FC127772FA2C13D00B659CC /* manifest.json */; };
		1FC127822FA2C13D00B659CC /* content-script.js in Resources */ = {isa = PBXBuildFile; fileRef = 1FC127782FA2C13D00B659CC /* content-script.js */; };
		1FC127832FA2C13D00B659CC /* popup.css in Resources */ = {isa = PBXBuildFile; fileRef = 1FC127792FA2C13D00B659CC /* popup.css */; };
		1FC127842FA2C13D00B659CC /* popup.js in Resources */ = {isa = PBXBuildFile; fileRef = 1FC127702FA2C13D00B659CC /* popup.js */; };
		1FC127852FA2C13D00B659CC /* gsap.min.js in Resources */ = {isa = PBXBuildFile; fileRef = 1FC127712FA2C13D00B659CC /* gsap.min.js */; };
		1FC127862FA2C13D00B659CC /* background.js in Resources */ = {isa = PBXBuildFile; fileRef = 1FC127722FA2C13D00B659CC /* background.js */; };
		1FC127872FA2C13D00B659CC /* popup.html in Resources */ = {isa = PBXBuildFile; fileRef = 1FC127732FA2C13D00B659CC /* popup.html */; };
		1FC127882FA2C13D00B659CC /* axe-core.min.js in Resources */ = {isa = PBXBuildFile; fileRef = 1FC127742FA2C13D00B659CC /* axe-core.min.js */; };
		1FC127892FA2C13D00B659CC /* accessibility-checker.js in Resources */ = {isa = PBXBuildFile; fileRef = 1FC127752FA2C13D00B659CC /* accessibility-checker.js */; };
		1FC1278A2FA2C13D00B659CC /* icons in Resources */ = {isa = PBXBuildFile; fileRef = 1FC127762FA2C13D00B659CC /* icons */; };
		1FC1278B2FA2C13D00B659CC /* manifest.json in Resources */ = {isa = PBXBuildFile; fileRef = 1FC127772FA2C13D00B659CC /* manifest.json */; };
		1FC1278C2FA2C13D00B659CC /* content-script.js in Resources */ = {isa = PBXBuildFile; fileRef = 1FC127782FA2C13D00B659CC /* content-script.js */; };
		1FC1278D2FA2C13D00B659CC /* popup.css in Resources */ = {isa = PBXBuildFile; fileRef = 1FC127792FA2C13D00B659CC /* popup.css */; };
/* End PBXBuildFile section */

/* Begin PBXContainerItemProxy section */
		1FC127432FA2C13D00B659CC /* PBXContainerItemProxy */ = {
			isa = PBXContainerItemProxy;
			containerPortal = 1FC127102FA2C13B00B659CC /* Project object */;
			proxyType = 1;
			remoteGlobalIDString = 1FC127402FA2C13D00B659CC;
			remoteInfo = "Pinpoint Accessibility Checker Extension (iOS)";
		};
		1FC1274D2FA2C13D00B659CC /* PBXContainerItemProxy */ = {
			isa = PBXContainerItemProxy;
			containerPortal = 1FC127102FA2C13B00B659CC /* Project object */;
			proxyType = 1;
			remoteGlobalIDString = 1FC1274A2FA2C13D00B659CC;
			remoteInfo = "Pinpoint Accessibility Checker Extension (macOS)";
		};
/* End PBXContainerItemProxy section */

/* Begin PBXCopyFilesBuildPhase section */
		1FC127642FA2C13D00B659CC /* Embed Foundation Extensions */ = {
			isa = PBXCopyFilesBuildPhase;
			buildActionMask = 2147483647;
			dstPath = "";
			dstSubfolderSpec = 13;
			files = (
				1FC127422FA2C13D00B659CC /* Pinpoint Accessibility Checker Extension.appex in Embed Foundation Extensions */,
			);
			name = "Embed Foundation Extensions";
			runOnlyForDeploymentPostprocessing = 0;
		};
		1FC1276B2FA2C13D00B659CC /* Embed Foundation Extensions */ = {
			isa = PBXCopyFilesBuildPhase;
			buildActionMask = 2147483647;
			dstPath = "";
			dstSubfolderSpec = 13;
			files = (
				1FC1274C2FA2C13D00B659CC /* Pinpoint Accessibility Checker Extension.appex in Embed Foundation Extensions */,
			);
			name = "Embed Foundation Extensions";
			runOnlyForDeploymentPostprocessing = 0;
		};
/* End PBXCopyFilesBuildPhase section */

/* Begin PBXFileReference section */
		1FC127172FA2C13B00B659CC /* Base */ = {isa = PBXFileReference; lastKnownFileType = text.html; name = Base; path = Base.lproj/Main.html; sourceTree = "<group>"; };
		1FC127182FA2C13B00B659CC /* Icon.png */ = {isa = PBXFileReference; lastKnownFileType = image.png; path = Icon.png; sourceTree = "<group>"; };
		1FC127192FA2C13B00B659CC /* Style.css */ = {isa = PBXFileReference; lastKnownFileType = text.css; path = Style.css; sourceTree = "<group>"; };
		1FC1271A2FA2C13B00B659CC /* Script.js */ = {isa = PBXFileReference; lastKnownFileType = sourcecode.javascript; path = Script.js; sourceTree = "<group>"; };
		1FC1271B2FA2C13B00B659CC /* ViewController.swift */ = {isa = PBXFileReference; lastKnownFileType = sourcecode.swift; path = ViewController.swift; sourceTree = "<group>"; };
		1FC1271C2FA2C13D00B659CC /* Assets.xcassets */ = {isa = PBXFileReference; lastKnownFileType = folder.assetcatalog; path = Assets.xcassets; sourceTree = "<group>"; };
		1FC1271E2FA2C13D00B659CC /* SafariWebExtensionHandler.swift */ = {isa = PBXFileReference; lastKnownFileType = sourcecode.swift; path = SafariWebExtensionHandler.swift; sourceTree = "<group>"; };
		1FC127232FA2C13D00B659CC /* Pinpoint Accessibility Checker.app */ = {isa = PBXFileReference; explicitFileType = wrapper.application; includeInIndex = 0; path = "Pinpoint Accessibility Checker.app"; sourceTree = BUILT_PRODUCTS_DIR; };
		1FC127262FA2C13D00B659CC /* AppDelegate.swift */ = {isa = PBXFileReference; lastKnownFileType = sourcecode.swift; path = AppDelegate.swift; sourceTree = "<group>"; };
		1FC127282FA2C13D00B659CC /* SceneDelegate.swift */ = {isa = PBXFileReference; lastKnownFileType = sourcecode.swift; path = SceneDelegate.swift; sourceTree = "<group>"; };
		1FC1272B2FA2C13D00B659CC /* Base */ = {isa = PBXFileReference; lastKnownFileType = file.storyboard; name = Base; path = Base.lproj/LaunchScreen.storyboard; sourceTree = "<group>"; };
		1FC1272E2FA2C13D00B659CC /* Base */ = {isa = PBXFileReference; lastKnownFileType = file.storyboard; name = Base; path = Base.lproj/Main.storyboard; sourceTree = "<group>"; };
		1FC127302FA2C13D00B659CC /* Info.plist */ = {isa = PBXFileReference; lastKnownFileType = text.plist.xml; path = Info.plist; sourceTree = "<group>"; };
		1FC127352FA2C13D00B659CC /* Pinpoint Accessibility Checker.app */ = {isa = PBXFileReference; explicitFileType = wrapper.application; includeInIndex = 0; path = "Pinpoint Accessibility Checker.app"; sourceTree = BUILT_PRODUCTS_DIR; };
		1FC127372FA2C13D00B659CC /* AppDelegate.swift */ = {isa = PBXFileReference; lastKnownFileType = sourcecode.swift; path = AppDelegate.swift; sourceTree = "<group>"; };
		1FC1273A2FA2C13D00B659CC /* Base */ = {isa = PBXFileReference; lastKnownFileType = file.storyboard; name = Base; path = Base.lproj/Main.storyboard; sourceTree = "<group>"; };
		1FC1273C2FA2C13D00B659CC /* Info.plist */ = {isa = PBXFileReference; lastKnownFileType = text.plist.xml; path = Info.plist; sourceTree = "<group>"; };
		1FC127412FA2C13D00B659CC /* Pinpoint Accessibility Checker Extension.appex */ = {isa = PBXFileReference; explicitFileType = "wrapper.app-extension"; includeInIndex = 0; path = "Pinpoint Accessibility Checker Extension.appex"; sourceTree = BUILT_PRODUCTS_DIR; };
		1FC127462FA2C13D00B659CC /* Info.plist */ = {isa = PBXFileReference; lastKnownFileType = text.plist.xml; path = Info.plist; sourceTree = "<group>"; };
		1FC1274B2FA2C13D00B659CC /* Pinpoint Accessibility Checker Extension.appex */ = {isa = PBXFileReference; explicitFileType = "wrapper.app-extension"; includeInIndex = 0; path = "Pinpoint Accessibility Checker Extension.appex"; sourceTree = BUILT_PRODUCTS_DIR; };
		1FC127502FA2C13D00B659CC /* Info.plist */ = {isa = PBXFileReference; lastKnownFileType = text.plist.xml; path = Info.plist; sourceTree = "<group>"; };
		1FC127702FA2C13D00B659CC /* popup.js */ = {isa = PBXFileReference; lastKnownFileType = sourcecode.javascript; name = popup.js; path = Resources/popup.js; sourceTree = "<group>"; };
		1FC127712FA2C13D00B659CC /* gsap.min.js */ = {isa = PBXFileReference; lastKnownFileType = sourcecode.javascript; name = gsap.min.js; path = Resources/gsap.min.js; sourceTree = "<group>"; };
		1FC127722FA2C13D00B659CC /* background.js */ = {isa = PBXFileReference; lastKnownFileType = sourcecode.javascript; name = background.js; path = Resources/background.js; sourceTree = "<group>"; };
		1FC127732FA2C13D00B659CC /* popup.html */ = {isa = PBXFileReference; lastKnownFileType = text.html; name = popup.html; path = Resources/popup.html; sourceTree = "<group>"; };
		1FC127742FA2C13D00B659CC /* axe-core.min.js */ = {isa = PBXFileReference; lastKnownFileType = sourcecode.javascript; name = "axe-core.min.js"; path = "Resources/axe-core.min.js"; sourceTree = "<group>"; };
		1FC127752FA2C13D00B659CC /* accessibility-checker.js */ = {isa = PBXFileReference; lastKnownFileType = sourcecode.javascript; name = "accessibility-checker.js"; path = "Resources/accessibility-checker.js"; sourceTree = "<group>"; };
		1FC127762FA2C13D00B659CC /* icons */ = {isa = PBXFileReference; lastKnownFileType = folder; name = icons; path = Resources/icons; sourceTree = "<group>"; };
		1FC127772FA2C13D00B659CC /* manifest.json */ = {isa = PBXFileReference; lastKnownFileType = text.json; name = manifest.json; path = Resources/manifest.json; sourceTree = "<group>"; };
		1FC127782FA2C13D00B659CC /* content-script.js */ = {isa = PBXFileReference; lastKnownFileType = sourcecode.javascript; name = "content-script.js"; path = "Resources/content-script.js"; sourceTree = "<group>"; };
		1FC127792FA2C13D00B659CC /* popup.css */ = {isa = PBXFileReference; lastKnownFileType = text.css; name = popup.css; path = Resources/popup.css; sourceTree = "<group>"; };
/* End PBXFileReference section */

/* Begin PBXFrameworksBuildPhase section */
		1FC127202FA2C13D00B659CC /* Frameworks */ = {
			isa = PBXFrameworksBuildPhase;
			buildActionMask = 2147483647;
			files = (
			);
			runOnlyForDeploymentPostprocessing = 0;
		};
		1FC127322FA2C13D00B659CC /* Frameworks */ = {
			isa = PBXFrameworksBuildPhase;
			buildActionMask = 2147483647;
			files = (
			);
			runOnlyForDeploymentPostprocessing = 0;
		};
		1FC1273E2FA2C13D00B659CC /* Frameworks */ = {
			isa = PBXFrameworksBuildPhase;
			buildActionMask = 2147483647;
			files = (
			);
			runOnlyForDeploymentPostprocessing = 0;
		};
		1FC127482FA2C13D00B659CC /* Frameworks */ = {
			isa = PBXFrameworksBuildPhase;
			buildActionMask = 2147483647;
			files = (
			);
			runOnlyForDeploymentPostprocessing = 0;
		};
/* End PBXFrameworksBuildPhase section */

/* Begin PBXGroup section */
		1FC1270F2FA2C13B00B659CC = {
			isa = PBXGroup;
			children = (
				1FC127142FA2C13B00B659CC /* Shared (App) */,
				1FC1271D2FA2C13D00B659CC /* Shared (Extension) */,
				1FC127252FA2C13D00B659CC /* iOS (App) */,
				1FC127362FA2C13D00B659CC /* macOS (App) */,
				1FC127452FA2C13D00B659CC /* iOS (Extension) */,
				1FC1274F2FA2C13D00B659CC /* macOS (Extension) */,
				1FC127242FA2C13D00B659CC /* Products */,
			);
			sourceTree = "<group>";
		};
		1FC127142FA2C13B00B659CC /* Shared (App) */ = {
			isa = PBXGroup;
			children = (
				1FC1271B2FA2C13B00B659CC /* ViewController.swift */,
				1FC1271C2FA2C13D00B659CC /* Assets.xcassets */,
				1FC127152FA2C13B00B659CC /* Resources */,
			);
			path = "Shared (App)";
			sourceTree = "<group>";
		};
		1FC127152FA2C13B00B659CC /* Resources */ = {
			isa = PBXGroup;
			children = (
				1FC127162FA2C13B00B659CC /* Main.html */,
				1FC127182FA2C13B00B659CC /* Icon.png */,
				1FC127192FA2C13B00B659CC /* Style.css */,
				1FC1271A2FA2C13B00B659CC /* Script.js */,
			);
			path = Resources;
			sourceTree = "<group>";
		};
		1FC1271D2FA2C13D00B659CC /* Shared (Extension) */ = {
			isa = PBXGroup;
			children = (
				1FC1276F2FA2C13D00B659CC /* Resources */,
				1FC1271E2FA2C13D00B659CC /* SafariWebExtensionHandler.swift */,
			);
			path = "Shared (Extension)";
			sourceTree = "<group>";
		};
		1FC127242FA2C13D00B659CC /* Products */ = {
			isa = PBXGroup;
			children = (
				1FC127232FA2C13D00B659CC /* Pinpoint Accessibility Checker.app */,
				1FC127352FA2C13D00B659CC /* Pinpoint Accessibility Checker.app */,
				1FC127412FA2C13D00B659CC /* Pinpoint Accessibility Checker Extension.appex */,
				1FC1274B2FA2C13D00B659CC /* Pinpoint Accessibility Checker Extension.appex */,
			);
			name = Products;
			sourceTree = "<group>";
		};
		1FC127252FA2C13D00B659CC /* iOS (App) */ = {
			isa = PBXGroup;
			children = (
				1FC127262FA2C13D00B659CC /* AppDelegate.swift */,
				1FC127282FA2C13D00B659CC /* SceneDelegate.swift */,
				1FC1272A2FA2C13D00B659CC /* LaunchScreen.storyboard */,
				1FC1272D2FA2C13D00B659CC /* Main.storyboard */,
				1FC127302FA2C13D00B659CC /* Info.plist */,
			);
			path = "iOS (App)";
			sourceTree = "<group>";
		};
		1FC127362FA2C13D00B659CC /* macOS (App) */ = {
			isa = PBXGroup;
			children = (
				1FC127372FA2C13D00B659CC /* AppDelegate.swift */,
				1FC127392FA2C13D00B659CC /* Main.storyboard */,
				1FC1273C2FA2C13D00B659CC /* Info.plist */,
			);
			path = "macOS (App)";
			sourceTree = "<group>";
		};
		1FC127452FA2C13D00B659CC /* iOS (Extension) */ = {
			isa = PBXGroup;
			children = (
				1FC127462FA2C13D00B659CC /* Info.plist */,
			);
			path = "iOS (Extension)";
			sourceTree = "<group>";
		};
		1FC1274F2FA2C13D00B659CC /* macOS (Extension) */ = {
			isa = PBXGroup;
			children = (
				1FC127502FA2C13D00B659CC /* Info.plist */,
			);
			path = "macOS (Extension)";
			sourceTree = "<group>";
		};
		1FC1276F2FA2C13D00B659CC /* Resources */ = {
			isa = PBXGroup;
			children = (
				1FC127702FA2C13D00B659CC /* popup.js */,
				1FC127712FA2C13D00B659CC /* gsap.min.js */,
				1FC127722FA2C13D00B659CC /* background.js */,
				1FC127732FA2C13D00B659CC /* popup.html */,
				1FC127742FA2C13D00B659CC /* axe-core.min.js */,
				1FC127752FA2C13D00B659CC /* accessibility-checker.js */,
				1FC127762FA2C13D00B659CC /* icons */,
				1FC127772FA2C13D00B659CC /* manifest.json */,
				1FC127782FA2C13D00B659CC /* content-script.js */,
				1FC127792FA2C13D00B659CC /* popup.css */,
			);
			name = Resources;
			path = "Shared (Extension)";
			sourceTree = SOURCE_ROOT;
		};
/* End PBXGroup section */

/* Begin PBXNativeTarget section */
		1FC127222FA2C13D00B659CC /* Pinpoint Accessibility Checker (iOS) */ = {
			isa = PBXNativeTarget;
			buildConfigurationList = 1FC127652FA2C13D00B659CC /* Build configuration list for PBXNativeTarget "Pinpoint Accessibility Checker (iOS)" */;
			buildPhases = (
				1FC1271F2FA2C13D00B659CC /* Sources */,
				1FC127202FA2C13D00B659CC /* Frameworks */,
				1FC127212FA2C13D00B659CC /* Resources */,
				1FC127642FA2C13D00B659CC /* Embed Foundation Extensions */,
			);
			buildRules = (
			);
			dependencies = (
				1FC127442FA2C13D00B659CC /* PBXTargetDependency */,
			);
			name = "Pinpoint Accessibility Checker (iOS)";
			packageProductDependencies = (
			);
			productName = "Pinpoint Accessibility Checker (iOS)";
			productReference = 1FC127232FA2C13D00B659CC /* Pinpoint Accessibility Checker.app */;
			productType = "com.apple.product-type.application";
		};
		1FC127342FA2C13D00B659CC /* Pinpoint Accessibility Checker (macOS) */ = {
			isa = PBXNativeTarget;
			buildConfigurationList = 1FC1276C2FA2C13D00B659CC /* Build configuration list for PBXNativeTarget "Pinpoint Accessibility Checker (macOS)" */;
			buildPhases = (
				1FC127312FA2C13D00B659CC /* Sources */,
				1FC127322FA2C13D00B659CC /* Frameworks */,
				1FC127332FA2C13D00B659CC /* Resources */,
				1FC1276B2FA2C13D00B659CC /* Embed Foundation Extensions */,
			);
			buildRules = (
			);
			dependencies = (
				1FC1274E2FA2C13D00B659CC /* PBXTargetDependency */,
			);
			name = "Pinpoint Accessibility Checker (macOS)";
			packageProductDependencies = (
			);
			productName = "Pinpoint Accessibility Checker (macOS)";
			productReference = 1FC127352FA2C13D00B659CC /* Pinpoint Accessibility Checker.app */;
			productType = "com.apple.product-type.application";
		};
		1FC127402FA2C13D00B659CC /* Pinpoint Accessibility Checker Extension (iOS) */ = {
			isa = PBXNativeTarget;
			buildConfigurationList = 1FC127612FA2C13D00B659CC /* Build configuration list for PBXNativeTarget "Pinpoint Accessibility Checker Extension (iOS)" */;
			buildPhases = (
				1FC1273D2FA2C13D00B659CC /* Sources */,
				1FC1273E2FA2C13D00B659CC /* Frameworks */,
				1FC1273F2FA2C13D00B659CC /* Resources */,
			);
			buildRules = (
			);
			dependencies = (
			);
			name = "Pinpoint Accessibility Checker Extension (iOS)";
			packageProductDependencies = (
			);
			productName = "Pinpoint Accessibility Checker Extension (iOS)";
			productReference = 1FC127412FA2C13D00B659CC /* Pinpoint Accessibility Checker Extension.appex */;
			productType = "com.apple.product-type.app-extension";
		};
		1FC1274A2FA2C13D00B659CC /* Pinpoint Accessibility Checker Extension (macOS) */ = {
			isa = PBXNativeTarget;
			buildConfigurationList = 1FC127682FA2C13D00B659CC /* Build configuration list for PBXNativeTarget "Pinpoint Accessibility Checker Extension (macOS)" */;
			buildPhases = (
				1FC127472FA2C13D00B659CC /* Sources */,
				1FC127482FA2C13D00B659CC /* Frameworks */,
				1FC127492FA2C13D00B659CC /* Resources */,
			);
			buildRules = (
			);
			dependencies = (
			);
			name = "Pinpoint Accessibility Checker Extension (macOS)";
			packageProductDependencies = (
			);
			productName = "Pinpoint Accessibility Checker Extension (macOS)";
			productReference = 1FC1274B2FA2C13D00B659CC /* Pinpoint Accessibility Checker Extension.appex */;
			productType = "com.apple.product-type.app-extension";
		};
/* End PBXNativeTarget section */

/* Begin PBXProject section */
		1FC127102FA2C13B00B659CC /* Project object */ = {
			isa = PBXProject;
			attributes = {
				BuildIndependentTargetsInParallel = 1;
				LastSwiftUpdateCheck = 2640;
				LastUpgradeCheck = 2640;
				TargetAttributes = {
					1FC127222FA2C13D00B659CC = {
						CreatedOnToolsVersion = 26.4.1;
					};
					1FC127342FA2C13D00B659CC = {
						CreatedOnToolsVersion = 26.4.1;
					};
					1FC127402FA2C13D00B659CC = {
						CreatedOnToolsVersion = 26.4.1;
					};
					1FC1274A2FA2C13D00B659CC = {
						CreatedOnToolsVersion = 26.4.1;
					};
				};
			};
			buildConfigurationList = 1FC127132FA2C13B00B659CC /* Build configuration list for PBXProject "Pinpoint Accessibility Checker" */;
			developmentRegion = en;
			hasScannedForEncodings = 0;
			knownRegions = (
				en,
				Base,
			);
			mainGroup = 1FC1270F2FA2C13B00B659CC;
			minimizedProjectReferenceProxies = 1;
			preferredProjectObjectVersion = 77;
			productRefGroup = 1FC127242FA2C13D00B659CC /* Products */;
			projectDirPath = "";
			projectRoot = "";
			targets = (
				1FC127222FA2C13D00B659CC /* Pinpoint Accessibility Checker (iOS) */,
				1FC127342FA2C13D00B659CC /* Pinpoint Accessibility Checker (macOS) */,
				1FC127402FA2C13D00B659CC /* Pinpoint Accessibility Checker Extension (iOS) */,
				1FC1274A2FA2C13D00B659CC /* Pinpoint Accessibility Checker Extension (macOS) */,
			);
		};
/* End PBXProject section */

/* Begin PBXResourcesBuildPhase section */
		1FC127212FA2C13D00B659CC /* Resources */ = {
			isa = PBXResourcesBuildPhase;
			buildActionMask = 2147483647;
			files = (
				1FC127532FA2C13D00B659CC /* Icon.png in Resources */,
				1FC1272C2FA2C13D00B659CC /* LaunchScreen.storyboard in Resources */,
				1FC127512FA2C13D00B659CC /* Main.html in Resources */,
				1FC127572FA2C13D00B659CC /* Script.js in Resources */,
				1FC1275B2FA2C13D00B659CC /* Assets.xcassets in Resources */,
				1FC1272F2FA2C13D00B659CC /* Main.storyboard in Resources */,
				1FC127552FA2C13D00B659CC /* Style.css in Resources */,
			);
			runOnlyForDeploymentPostprocessing = 0;
		};
		1FC127332FA2C13D00B659CC /* Resources */ = {
			isa = PBXResourcesBuildPhase;
			buildActionMask = 2147483647;
			files = (
				1FC127542FA2C13D00B659CC /* Icon.png in Resources */,
				1FC127562FA2C13D00B659CC /* Style.css in Resources */,
				1FC1273B2FA2C13D00B659CC /* Main.storyboard in Resources */,
				1FC127582FA2C13D00B659CC /* Script.js in Resources */,
				1FC1275C2FA2C13D00B659CC /* Assets.xcassets in Resources */,
				1FC127522FA2C13D00B659CC /* Main.html in Resources */,
			);
			runOnlyForDeploymentPostprocessing = 0;
		};
		1FC1273F2FA2C13D00B659CC /* Resources */ = {
			isa = PBXResourcesBuildPhase;
			buildActionMask = 2147483647;
			files = (
				1FC1278D2FA2C13D00B659CC /* popup.css in Resources */,
				1FC127882FA2C13D00B659CC /* axe-core.min.js in Resources */,
				1FC127892FA2C13D00B659CC /* accessibility-checker.js in Resources */,
				1FC127842FA2C13D00B659CC /* popup.js in Resources */,
				1FC127872FA2C13D00B659CC /* popup.html in Resources */,
				1FC1278B2FA2C13D00B659CC /* manifest.json in Resources */,
				1FC1278C2FA2C13D00B659CC /* content-script.js in Resources */,
				1FC127862FA2C13D00B659CC /* background.js in Resources */,
				1FC1278A2FA2C13D00B659CC /* icons in Resources */,
				1FC127852FA2C13D00B659CC /* gsap.min.js in Resources */,
			);
			runOnlyForDeploymentPostprocessing = 0;
		};
		1FC127492FA2C13D00B659CC /* Resources */ = {
			isa = PBXResourcesBuildPhase;
			buildActionMask = 2147483647;
			files = (
				1FC127832FA2C13D00B659CC /* popup.css in Resources */,
				1FC1277E2FA2C13D00B659CC /* axe-core.min.js in Resources */,
				1FC1277F2FA2C13D00B659CC /* accessibility-checker.js in Resources */,
				1FC1277A2FA2C13D00B659CC /* popup.js in Resources */,
				1FC1277D2FA2C13D00B659CC /* popup.html in Resources */,
				1FC127812FA2C13D00B659CC /* manifest.json in Resources */,
				1FC127822FA2C13D00B659CC /* content-script.js in Resources */,
				1FC1277C2FA2C13D00B659CC /* background.js in Resources */,
				1FC127802FA2C13D00B659CC /* icons in Resources */,
				1FC1277B2FA2C13D00B659CC /* gsap.min.js in Resources */,
			);
			runOnlyForDeploymentPostprocessing = 0;
		};
/* End PBXResourcesBuildPhase section */

/* Begin PBXSourcesBuildPhase section */
		1FC1271F2FA2C13D00B659CC /* Sources */ = {
			isa = PBXSourcesBuildPhase;
			buildActionMask = 2147483647;
			files = (
				1FC127592FA2C13D00B659CC /* ViewController.swift in Sources */,
				1FC127272FA2C13D00B659CC /* AppDelegate.swift in Sources */,
				1FC127292FA2C13D00B659CC /* SceneDelegate.swift in Sources */,
			);
			runOnlyForDeploymentPostprocessing = 0;
		};
		1FC127312FA2C13D00B659CC /* Sources */ = {
			isa = PBXSourcesBuildPhase;
			buildActionMask = 2147483647;
			files = (
				1FC1275A2FA2C13D00B659CC /* ViewController.swift in Sources */,
				1FC127382FA2C13D00B659CC /* AppDelegate.swift in Sources */,
			);
			runOnlyForDeploymentPostprocessing = 0;
		};
		1FC1273D2FA2C13D00B659CC /* Sources */ = {
			isa = PBXSourcesBuildPhase;
			buildActionMask = 2147483647;
			files = (
				1FC1275D2FA2C13D00B659CC /* SafariWebExtensionHandler.swift in Sources */,
			);
			runOnlyForDeploymentPostprocessing = 0;
		};
		1FC127472FA2C13D00B659CC /* Sources */ = {
			isa = PBXSourcesBuildPhase;
			buildActionMask = 2147483647;
			files = (
				1FC1275E2FA2C13D00B659CC /* SafariWebExtensionHandler.swift in Sources */,
			);
			runOnlyForDeploymentPostprocessing = 0;
		};
/* End PBXSourcesBuildPhase section */

/* Begin PBXTargetDependency section */
		1FC127442FA2C13D00B659CC /* PBXTargetDependency */ = {
			isa = PBXTargetDependency;
			target = 1FC127402FA2C13D00B659CC /* Pinpoint Accessibility Checker Extension (iOS) */;
			targetProxy = 1FC127432FA2C13D00B659CC /* PBXContainerItemProxy */;
		};
		1FC1274E2FA2C13D00B659CC /* PBXTargetDependency */ = {
			isa = PBXTargetDependency;
			target = 1FC1274A2FA2C13D00B659CC /* Pinpoint Accessibility Checker Extension (macOS) */;
			targetProxy = 1FC1274D2FA2C13D00B659CC /* PBXContainerItemProxy */;
		};
/* End PBXTargetDependency section */

/* Begin PBXVariantGroup section */
		1FC127162FA2C13B00B659CC /* Main.html */ = {
			isa = PBXVariantGroup;
			children = (
				1FC127172FA2C13B00B659CC /* Base */,
			);
			name = Main.html;
			sourceTree = "<group>";
		};
		1FC1272A2FA2C13D00B659CC /* LaunchScreen.storyboard */ = {
			isa = PBXVariantGroup;
			children = (
				1FC1272B2FA2C13D00B659CC /* Base */,
			);
			name = LaunchScreen.storyboard;
			sourceTree = "<group>";
		};
		1FC1272D2FA2C13D00B659CC /* Main.storyboard */ = {
			isa = PBXVariantGroup;
			children = (
				1FC1272E2FA2C13D00B659CC /* Base */,
			);
			name = Main.storyboard;
			sourceTree = "<group>";
		};
		1FC127392FA2C13D00B659CC /* Main.storyboard */ = {
			isa = PBXVariantGroup;
			children = (
				1FC1273A2FA2C13D00B659CC /* Base */,
			);
			name = Main.storyboard;
			sourceTree = "<group>";
		};
/* End PBXVariantGroup section */

/* Begin XCBuildConfiguration section */
		1FC1275F2FA2C13D00B659CC /* Debug */ = {
			isa = XCBuildConfiguration;
			buildSettings = {
				ALWAYS_SEARCH_USER_PATHS = NO;
				ASSETCATALOG_COMPILER_GENERATE_SWIFT_ASSET_SYMBOL_EXTENSIONS = YES;
				CLANG_ANALYZER_NONNULL = YES;
				CLANG_ANALYZER_NUMBER_OBJECT_CONVERSION = YES_AGGRESSIVE;
				CLANG_CXX_LANGUAGE_STANDARD = "gnu++20";
				CLANG_ENABLE_MODULES = YES;
				CLANG_ENABLE_OBJC_ARC = YES;
				CLANG_ENABLE_OBJC_WEAK = YES;
				CLANG_WARN_BLOCK_CAPTURE_AUTORELEASING = YES;
				CLANG_WARN_BOOL_CONVERSION = YES;
				CLANG_WARN_COMMA = YES;
				CLANG_WARN_CONSTANT_CONVERSION = YES;
				CLANG_WARN_DEPRECATED_OBJC_IMPLEMENTATIONS = YES;
				CLANG_WARN_DIRECT_OBJC_ISA_USAGE = YES_ERROR;
				CLANG_WARN_DOCUMENTATION_COMMENTS = YES;
				CLANG_WARN_EMPTY_BODY = YES;
				CLANG_WARN_ENUM_CONVERSION = YES;
				CLANG_WARN_INFINITE_RECURSION = YES;
				CLANG_WARN_INT_CONVERSION = YES;
				CLANG_WARN_NON_LITERAL_NULL_CONVERSION = YES;
				CLANG_WARN_OBJC_IMPLICIT_RETAIN_SELF = YES;
				CLANG_WARN_OBJC_LITERAL_CONVERSION = YES;
				CLANG_WARN_OBJC_ROOT_CLASS = YES_ERROR;
				CLANG_WARN_QUOTED_INCLUDE_IN_FRAMEWORK_HEADER = YES;
				CLANG_WARN_RANGE_LOOP_ANALYSIS = YES;
				CLANG_WARN_STRICT_PROTOTYPES = YES;
				CLANG_WARN_SUSPICIOUS_MOVE = YES;
				CLANG_WARN_UNGUARDED_AVAILABILITY = YES_AGGRESSIVE;
				CLANG_WARN_UNREACHABLE_CODE = YES;
				CLANG_WARN__DUPLICATE_METHOD_MATCH = YES;
				COPY_PHASE_STRIP = NO;
				DEBUG_INFORMATION_FORMAT = dwarf;
				ENABLE_STRICT_OBJC_MSGSEND = YES;
				ENABLE_TESTABILITY = YES;
				ENABLE_USER_SCRIPT_SANDBOXING = YES;
				GCC_C_LANGUAGE_STANDARD = gnu17;
				GCC_DYNAMIC_NO_PIC = NO;
				GCC_NO_COMMON_BLOCKS = YES;
				GCC_OPTIMIZATION_LEVEL = 0;
				GCC_PREPROCESSOR_DEFINITIONS = (
					"DEBUG=1",
					"$(inherited)",
				);
				GCC_WARN_64_TO_32_BIT_CONVERSION = YES;
				GCC_WARN_ABOUT_RETURN_TYPE = YES_ERROR;
				GCC_WARN_UNDECLARED_SELECTOR = YES;
				GCC_WARN_UNINITIALIZED_AUTOS = YES_AGGRESSIVE;
				GCC_WARN_UNUSED_FUNCTION = YES;
				GCC_WARN_UNUSED_VARIABLE = YES;
				LOCALIZATION_PREFERS_STRING_CATALOGS = YES;
				MTL_ENABLE_DEBUG_INFO = INCLUDE_SOURCE;
				MTL_FAST_MATH = YES;
				ONLY_ACTIVE_ARCH = YES;
				SWIFT_ACTIVE_COMPILATION_CONDITIONS = "DEBUG $(inherited)";
				SWIFT_OPTIMIZATION_LEVEL = "-Onone";
			};
			name = Debug;
		};
		1FC127602FA2C13D00B659CC /* Release */ = {
			isa = XCBuildConfiguration;
			buildSettings = {
				ALWAYS_SEARCH_USER_PATHS = NO;
				ASSETCATALOG_COMPILER_GENERATE_SWIFT_ASSET_SYMBOL_EXTENSIONS = YES;
				CLANG_ANALYZER_NONNULL = YES;
				CLANG_ANALYZER_NUMBER_OBJECT_CONVERSION = YES_AGGRESSIVE;
				CLANG_CXX_LANGUAGE_STANDARD = "gnu++20";
				CLANG_ENABLE_MODULES = YES;
				CLANG_ENABLE_OBJC_ARC = YES;
				CLANG_ENABLE_OBJC_WEAK = YES;
				CLANG_WARN_BLOCK_CAPTURE_AUTORELEASING = YES;
				CLANG_WARN_BOOL_CONVERSION = YES;
				CLANG_WARN_COMMA = YES;
				CLANG_WARN_CONSTANT_CONVERSION = YES;
				CLANG_WARN_DEPRECATED_OBJC_IMPLEMENTATIONS = YES;
				CLANG_WARN_DIRECT_OBJC_ISA_USAGE = YES_ERROR;
				CLANG_WARN_DOCUMENTATION_COMMENTS = YES;
				CLANG_WARN_EMPTY_BODY = YES;
				CLANG_WARN_ENUM_CONVERSION = YES;
				CLANG_WARN_INFINITE_RECURSION = YES;
				CLANG_WARN_INT_CONVERSION = YES;
				CLANG_WARN_NON_LITERAL_NULL_CONVERSION = YES;
				CLANG_WARN_OBJC_IMPLICIT_RETAIN_SELF = YES;
				CLANG_WARN_OBJC_LITERAL_CONVERSION = YES;
				CLANG_WARN_OBJC_ROOT_CLASS = YES_ERROR;
				CLANG_WARN_QUOTED_INCLUDE_IN_FRAMEWORK_HEADER = YES;
				CLANG_WARN_RANGE_LOOP_ANALYSIS = YES;
				CLANG_WARN_STRICT_PROTOTYPES = YES;
				CLANG_WARN_SUSPICIOUS_MOVE = YES;
				CLANG_WARN_UNGUARDED_AVAILABILITY = YES_AGGRESSIVE;
				CLANG_WARN_UNREACHABLE_CODE = YES;
				CLANG_WARN__DUPLICATE_METHOD_MATCH = YES;
				COPY_PHASE_STRIP = NO;
				DEBUG_INFORMATION_FORMAT = "dwarf-with-dsym";
				ENABLE_NS_ASSERTIONS = NO;
				ENABLE_STRICT_OBJC_MSGSEND = YES;
				ENABLE_USER_SCRIPT_SANDBOXING = YES;
				GCC_C_LANGUAGE_STANDARD = gnu17;
				GCC_NO_COMMON_BLOCKS = YES;
				GCC_WARN_64_TO_32_BIT_CONVERSION = YES;
				GCC_WARN_ABOUT_RETURN_TYPE = YES_ERROR;
				GCC_WARN_UNDECLARED_SELECTOR = YES;
				GCC_WARN_UNINITIALIZED_AUTOS = YES_AGGRESSIVE;
				GCC_WARN_UNUSED_FUNCTION = YES;
				GCC_WARN_UNUSED_VARIABLE = YES;
				LOCALIZATION_PREFERS_STRING_CATALOGS = YES;
				MTL_ENABLE_DEBUG_INFO = NO;
				MTL_FAST_MATH = YES;
				SWIFT_COMPILATION_MODE = wholemodule;
			};
			name = Release;
		};
		1FC127622FA2C13D00B659CC /* Debug */ = {
			isa = XCBuildConfiguration;
			buildSettings = {
				CODE_SIGN_STYLE = Automatic;
				CURRENT_PROJECT_VERSION = 1;
				GENERATE_INFOPLIST_FILE = YES;
				INFOPLIST_FILE = "iOS (Extension)/Info.plist";
				INFOPLIST_KEY_CFBundleDisplayName = "Pinpoint Accessibility Checker Extension";
				INFOPLIST_KEY_NSHumanReadableCopyright = "";
				IPHONEOS_DEPLOYMENT_TARGET = 15.0;
				LD_RUNPATH_SEARCH_PATHS = (
					"$(inherited)",
					"@executable_path/Frameworks",
					"@executable_path/../../Frameworks",
				);
				MARKETING_VERSION = 1.0;
				OTHER_LDFLAGS = (
					"-framework",
					SafariServices,
				);
				PRODUCT_BUNDLE_IDENTIFIER = com.pinpoint.accessibilitychecker.dev.Extension;
				PRODUCT_NAME = "Pinpoint Accessibility Checker Extension";
				SDKROOT = iphoneos;
				SKIP_INSTALL = YES;
				STRING_CATALOG_GENERATE_SYMBOLS = YES;
				SWIFT_APPROACHABLE_CONCURRENCY = YES;
				SWIFT_EMIT_LOC_STRINGS = YES;
				SWIFT_UPCOMING_FEATURE_MEMBER_IMPORT_VISIBILITY = YES;
				SWIFT_VERSION = 5.0;
				TARGETED_DEVICE_FAMILY = "1,2";
			};
			name = Debug;
		};
		1FC127632FA2C13D00B659CC /* Release */ = {
			isa = XCBuildConfiguration;
			buildSettings = {
				CODE_SIGN_STYLE = Automatic;
				CURRENT_PROJECT_VERSION = 1;
				GENERATE_INFOPLIST_FILE = YES;
				INFOPLIST_FILE = "iOS (Extension)/Info.plist";
				INFOPLIST_KEY_CFBundleDisplayName = "Pinpoint Accessibility Checker Extension";
				INFOPLIST_KEY_NSHumanReadableCopyright = "";
				IPHONEOS_DEPLOYMENT_TARGET = 15.0;
				LD_RUNPATH_SEARCH_PATHS = (
					"$(inherited)",
					"@executable_path/Frameworks",
					"@executable_path/../../Frameworks",
				);
				MARKETING_VERSION = 1.0;
				OTHER_LDFLAGS = (
					"-framework",
					SafariServices,
				);
				PRODUCT_BUNDLE_IDENTIFIER = com.pinpoint.accessibilitychecker.dev.Extension;
				PRODUCT_NAME = "Pinpoint Accessibility Checker Extension";
				SDKROOT = iphoneos;
				SKIP_INSTALL = YES;
				STRING_CATALOG_GENERATE_SYMBOLS = YES;
				SWIFT_APPROACHABLE_CONCURRENCY = YES;
				SWIFT_EMIT_LOC_STRINGS = YES;
				SWIFT_UPCOMING_FEATURE_MEMBER_IMPORT_VISIBILITY = YES;
				SWIFT_VERSION = 5.0;
				TARGETED_DEVICE_FAMILY = "1,2";
				VALIDATE_PRODUCT = YES;
			};
			name = Release;
		};
		1FC127662FA2C13D00B659CC /* Debug */ = {
			isa = XCBuildConfiguration;
			buildSettings = {
				ASSETCATALOG_COMPILER_APPICON_NAME = AppIcon;
				ASSETCATALOG_COMPILER_GLOBAL_ACCENT_COLOR_NAME = AccentColor;
				CODE_SIGN_STYLE = Automatic;
				CURRENT_PROJECT_VERSION = 1;
				GENERATE_INFOPLIST_FILE = YES;
				INFOPLIST_FILE = "iOS (App)/Info.plist";
				INFOPLIST_KEY_CFBundleDisplayName = "Pinpoint Accessibility Checker";
				INFOPLIST_KEY_UIApplicationSupportsIndirectInputEvents = YES;
				INFOPLIST_KEY_UILaunchStoryboardName = LaunchScreen;
				INFOPLIST_KEY_UIMainStoryboardFile = Main;
				INFOPLIST_KEY_UISupportedInterfaceOrientations = "UIInterfaceOrientationPortrait UIInterfaceOrientationLandscapeLeft UIInterfaceOrientationLandscapeRight";
				INFOPLIST_KEY_UISupportedInterfaceOrientations_iPad = "UIInterfaceOrientationPortrait UIInterfaceOrientationPortraitUpsideDown UIInterfaceOrientationLandscapeLeft UIInterfaceOrientationLandscapeRight";
				IPHONEOS_DEPLOYMENT_TARGET = 15.0;
				LD_RUNPATH_SEARCH_PATHS = (
					"$(inherited)",
					"@executable_path/Frameworks",
				);
				MARKETING_VERSION = 1.0;
				OTHER_LDFLAGS = (
					"-framework",
					SafariServices,
					"-framework",
					WebKit,
				);
				PRODUCT_BUNDLE_IDENTIFIER = com.pinpoint.accessibilitychecker.dev;
				PRODUCT_NAME = "Pinpoint Accessibility Checker";
				SDKROOT = iphoneos;
				STRING_CATALOG_GENERATE_SYMBOLS = YES;
				SWIFT_APPROACHABLE_CONCURRENCY = YES;
				SWIFT_DEFAULT_ACTOR_ISOLATION = MainActor;
				SWIFT_EMIT_LOC_STRINGS = YES;
				SWIFT_UPCOMING_FEATURE_MEMBER_IMPORT_VISIBILITY = YES;
				SWIFT_VERSION = 5.0;
				TARGETED_DEVICE_FAMILY = "1,2";
			};
			name = Debug;
		};
		1FC127672FA2C13D00B659CC /* Release */ = {
			isa = XCBuildConfiguration;
			buildSettings = {
				ASSETCATALOG_COMPILER_APPICON_NAME = AppIcon;
				ASSETCATALOG_COMPILER_GLOBAL_ACCENT_COLOR_NAME = AccentColor;
				CODE_SIGN_STYLE = Automatic;
				CURRENT_PROJECT_VERSION = 1;
				GENERATE_INFOPLIST_FILE = YES;
				INFOPLIST_FILE = "iOS (App)/Info.plist";
				INFOPLIST_KEY_CFBundleDisplayName = "Pinpoint Accessibility Checker";
				INFOPLIST_KEY_UIApplicationSupportsIndirectInputEvents = YES;
				INFOPLIST_KEY_UILaunchStoryboardName = LaunchScreen;
				INFOPLIST_KEY_UIMainStoryboardFile = Main;
				INFOPLIST_KEY_UISupportedInterfaceOrientations = "UIInterfaceOrientationPortrait UIInterfaceOrientationLandscapeLeft UIInterfaceOrientationLandscapeRight";
				INFOPLIST_KEY_UISupportedInterfaceOrientations_iPad = "UIInterfaceOrientationPortrait UIInterfaceOrientationPortraitUpsideDown UIInterfaceOrientationLandscapeLeft UIInterfaceOrientationLandscapeRight";
				IPHONEOS_DEPLOYMENT_TARGET = 15.0;
				LD_RUNPATH_SEARCH_PATHS = (
					"$(inherited)",
					"@executable_path/Frameworks",
				);
				MARKETING_VERSION = 1.0;
				OTHER_LDFLAGS = (
					"-framework",
					SafariServices,
					"-framework",
					WebKit,
				);
				PRODUCT_BUNDLE_IDENTIFIER = com.pinpoint.accessibilitychecker.dev;
				PRODUCT_NAME = "Pinpoint Accessibility Checker";
				SDKROOT = iphoneos;
				STRING_CATALOG_GENERATE_SYMBOLS = YES;
				SWIFT_APPROACHABLE_CONCURRENCY = YES;
				SWIFT_DEFAULT_ACTOR_ISOLATION = MainActor;
				SWIFT_EMIT_LOC_STRINGS = YES;
				SWIFT_UPCOMING_FEATURE_MEMBER_IMPORT_VISIBILITY = YES;
				SWIFT_VERSION = 5.0;
				TARGETED_DEVICE_FAMILY = "1,2";
				VALIDATE_PRODUCT = YES;
			};
			name = Release;
		};
		1FC127692FA2C13D00B659CC /* Debug */ = {
			isa = XCBuildConfiguration;
			buildSettings = {
				CODE_SIGN_STYLE = Automatic;
				CURRENT_PROJECT_VERSION = 1;
				ENABLE_APP_SANDBOX = YES;
				ENABLE_HARDENED_RUNTIME = YES;
				ENABLE_USER_SELECTED_FILES = readonly;
				GENERATE_INFOPLIST_FILE = YES;
				INFOPLIST_FILE = "macOS (Extension)/Info.plist";
				INFOPLIST_KEY_CFBundleDisplayName = "Pinpoint Accessibility Checker Extension";
				INFOPLIST_KEY_NSHumanReadableCopyright = "";
				LD_RUNPATH_SEARCH_PATHS = (
					"$(inherited)",
					"@executable_path/../Frameworks",
					"@executable_path/../../../../Frameworks",
				);
				MACOSX_DEPLOYMENT_TARGET = 10.14;
				MARKETING_VERSION = 1.0;
				OTHER_LDFLAGS = (
					"-framework",
					SafariServices,
				);
				PRODUCT_BUNDLE_IDENTIFIER = com.pinpoint.accessibilitychecker.dev.Extension;
				PRODUCT_NAME = "Pinpoint Accessibility Checker Extension";
				SDKROOT = macosx;
				SKIP_INSTALL = YES;
				STRING_CATALOG_GENERATE_SYMBOLS = YES;
				SWIFT_APPROACHABLE_CONCURRENCY = YES;
				SWIFT_EMIT_LOC_STRINGS = YES;
				SWIFT_UPCOMING_FEATURE_MEMBER_IMPORT_VISIBILITY = YES;
				SWIFT_VERSION = 5.0;
			};
			name = Debug;
		};
		1FC1276A2FA2C13D00B659CC /* Release */ = {
			isa = XCBuildConfiguration;
			buildSettings = {
				CODE_SIGN_STYLE = Automatic;
				CURRENT_PROJECT_VERSION = 1;
				ENABLE_APP_SANDBOX = YES;
				ENABLE_HARDENED_RUNTIME = YES;
				ENABLE_USER_SELECTED_FILES = readonly;
				GENERATE_INFOPLIST_FILE = YES;
				INFOPLIST_FILE = "macOS (Extension)/Info.plist";
				INFOPLIST_KEY_CFBundleDisplayName = "Pinpoint Accessibility Checker Extension";
				INFOPLIST_KEY_NSHumanReadableCopyright = "";
				LD_RUNPATH_SEARCH_PATHS = (
					"$(inherited)",
					"@executable_path/../Frameworks",
					"@executable_path/../../../../Frameworks",
				);
				MACOSX_DEPLOYMENT_TARGET = 10.14;
				MARKETING_VERSION = 1.0;
				OTHER_LDFLAGS = (
					"-framework",
					SafariServices,
				);
				PRODUCT_BUNDLE_IDENTIFIER = com.pinpoint.accessibilitychecker.dev.Extension;
				PRODUCT_NAME = "Pinpoint Accessibility Checker Extension";
				SDKROOT = macosx;
				SKIP_INSTALL = YES;
				STRING_CATALOG_GENERATE_SYMBOLS = YES;
				SWIFT_APPROACHABLE_CONCURRENCY = YES;
				SWIFT_EMIT_LOC_STRINGS = YES;
				SWIFT_UPCOMING_FEATURE_MEMBER_IMPORT_VISIBILITY = YES;
				SWIFT_VERSION = 5.0;
			};
			name = Release;
		};
		1FC1276D2FA2C13D00B659CC /* Debug */ = {
			isa = XCBuildConfiguration;
			buildSettings = {
				ASSETCATALOG_COMPILER_APPICON_NAME = AppIcon;
				ASSETCATALOG_COMPILER_GLOBAL_ACCENT_COLOR_NAME = AccentColor;
				CODE_SIGN_STYLE = Automatic;
				CURRENT_PROJECT_VERSION = 1;
				ENABLE_APP_SANDBOX = YES;
				ENABLE_HARDENED_RUNTIME = YES;
				ENABLE_OUTGOING_NETWORK_CONNECTIONS = YES;
				ENABLE_USER_SELECTED_FILES = readonly;
				GENERATE_INFOPLIST_FILE = YES;
				INFOPLIST_FILE = "macOS (App)/Info.plist";
				INFOPLIST_KEY_CFBundleDisplayName = "Pinpoint Accessibility Checker";
				INFOPLIST_KEY_NSMainStoryboardFile = Main;
				INFOPLIST_KEY_NSPrincipalClass = NSApplication;
				LD_RUNPATH_SEARCH_PATHS = (
					"$(inherited)",
					"@executable_path/../Frameworks",
				);
				MACOSX_DEPLOYMENT_TARGET = 10.14;
				MARKETING_VERSION = 1.0;
				OTHER_LDFLAGS = (
					"-framework",
					SafariServices,
					"-framework",
					WebKit,
				);
				PRODUCT_BUNDLE_IDENTIFIER = com.pinpoint.accessibilitychecker.dev;
				PRODUCT_NAME = "Pinpoint Accessibility Checker";
				REGISTER_APP_GROUPS = YES;
				SDKROOT = macosx;
				STRING_CATALOG_GENERATE_SYMBOLS = YES;
				SWIFT_APPROACHABLE_CONCURRENCY = YES;
				SWIFT_DEFAULT_ACTOR_ISOLATION = MainActor;
				SWIFT_EMIT_LOC_STRINGS = YES;
				SWIFT_UPCOMING_FEATURE_MEMBER_IMPORT_VISIBILITY = YES;
				SWIFT_VERSION = 5.0;
			};
			name = Debug;
		};
		1FC1276E2FA2C13D00B659CC /* Release */ = {
			isa = XCBuildConfiguration;
			buildSettings = {
				ASSETCATALOG_COMPILER_APPICON_NAME = AppIcon;
				ASSETCATALOG_COMPILER_GLOBAL_ACCENT_COLOR_NAME = AccentColor;
				CODE_SIGN_STYLE = Automatic;
				CURRENT_PROJECT_VERSION = 1;
				ENABLE_APP_SANDBOX = YES;
				ENABLE_HARDENED_RUNTIME = YES;
				ENABLE_OUTGOING_NETWORK_CONNECTIONS = YES;
				ENABLE_USER_SELECTED_FILES = readonly;
				GENERATE_INFOPLIST_FILE = YES;
				INFOPLIST_FILE = "macOS (App)/Info.plist";
				INFOPLIST_KEY_CFBundleDisplayName = "Pinpoint Accessibility Checker";
				INFOPLIST_KEY_NSMainStoryboardFile = Main;
				INFOPLIST_KEY_NSPrincipalClass = NSApplication;
				LD_RUNPATH_SEARCH_PATHS = (
					"$(inherited)",
					"@executable_path/../Frameworks",
				);
				MACOSX_DEPLOYMENT_TARGET = 10.14;
				MARKETING_VERSION = 1.0;
				OTHER_LDFLAGS = (
					"-framework",
					SafariServices,
					"-framework",
					WebKit,
				);
				PRODUCT_BUNDLE_IDENTIFIER = com.pinpoint.accessibilitychecker.dev;
				PRODUCT_NAME = "Pinpoint Accessibility Checker";
				REGISTER_APP_GROUPS = YES;
				SDKROOT = macosx;
				STRING_CATALOG_GENERATE_SYMBOLS = YES;
				SWIFT_APPROACHABLE_CONCURRENCY = YES;
				SWIFT_DEFAULT_ACTOR_ISOLATION = MainActor;
				SWIFT_EMIT_LOC_STRINGS = YES;
				SWIFT_UPCOMING_FEATURE_MEMBER_IMPORT_VISIBILITY = YES;
				SWIFT_VERSION = 5.0;
			};
			name = Release;
		};
/* End XCBuildConfiguration section */

/* Begin XCConfigurationList section */
		1FC127132FA2C13B00B659CC /* Build configuration list for PBXProject "Pinpoint Accessibility Checker" */ = {
			isa = XCConfigurationList;
			buildConfigurations = (
				1FC1275F2FA2C13D00B659CC /* Debug */,
				1FC127602FA2C13D00B659CC /* Release */,
			);
			defaultConfigurationIsVisible = 0;
			defaultConfigurationName = Release;
		};
		1FC127612FA2C13D00B659CC /* Build configuration list for PBXNativeTarget "Pinpoint Accessibility Checker Extension (iOS)" */ = {
			isa = XCConfigurationList;
			buildConfigurations = (
				1FC127622FA2C13D00B659CC /* Debug */,
				1FC127632FA2C13D00B659CC /* Release */,
			);
			defaultConfigurationIsVisible = 0;
			defaultConfigurationName = Release;
		};
		1FC127652FA2C13D00B659CC /* Build configuration list for PBXNativeTarget "Pinpoint Accessibility Checker (iOS)" */ = {
			isa = XCConfigurationList;
			buildConfigurations = (
				1FC127662FA2C13D00B659CC /* Debug */,
				1FC127672FA2C13D00B659CC /* Release */,
			);
			defaultConfigurationIsVisible = 0;
			defaultConfigurationName = Release;
		};
		1FC127682FA2C13D00B659CC /* Build configuration list for PBXNativeTarget "Pinpoint Accessibility Checker Extension (macOS)" */ = {
			isa = XCConfigurationList;
			buildConfigurations = (
				1FC127692FA2C13D00B659CC /* Debug */,
				1FC1276A2FA2C13D00B659CC /* Release */,
			);
			defaultConfigurationIsVisible = 0;
			defaultConfigurationName = Release;
		};
		1FC1276C2FA2C13D00B659CC /* Build configuration list for PBXNativeTarget "Pinpoint Accessibility Checker (macOS)" */ = {
			isa = XCConfigurationList;
			buildConfigurations = (
				1FC1276D2FA2C13D00B659CC /* Debug */,
				1FC1276E2FA2C13D00B659CC /* Release */,
			);
			defaultConfigurationIsVisible = 0;
			defaultConfigurationName = Release;
		};
/* End XCConfigurationList section */
	};
	rootObject = 1FC127102FA2C13B00B659CC /* Project object */;
}
