// !$*UTF8*$!
{
	archiveVersion = 1;
	classes = {
	};
	objectVersion = 77;
	objects = {

/* Begin PBXBuildFile section */
		1FF871592FA41A60009080AD /* AppDelegate.swift in Sources */ = {isa = PBXBuildFile; fileRef = 1FF871582FA41A60009080AD /* AppDelegate.swift */; };
		1FF8715B2FA41A60009080AD /* SceneDelegate.swift in Sources */ = {isa = PBXBuildFile; fileRef = 1FF8715A2FA41A60009080AD /* SceneDelegate.swift */; };
		1FF8715E2FA41A60009080AD /* LaunchScreen.storyboard in Resources */ = {isa = PBXBuildFile; fileRef = 1FF8715C2FA41A60009080AD /* LaunchScreen.storyboard */; };
		1FF871612FA41A60009080AD /* Main.storyboard in Resources */ = {isa = PBXBuildFile; fileRef = 1FF8715F2FA41A60009080AD /* Main.storyboard */; };
		1FF8716A2FA41A60009080AD /* AppDelegate.swift in Sources */ = {isa = PBXBuildFile; fileRef = 1FF871692FA41A60009080AD /* AppDelegate.swift */; };
		1FF8716D2FA41A60009080AD /* Main.storyboard in Resources */ = {isa = PBXBuildFile; fileRef = 1FF8716B2FA41A60009080AD /* Main.storyboard */; };
		1FF871742FA41A60009080AD /* Pinpoint Accessibility Checker Extension.appex in Embed Foundation Extensions */ = {isa = PBXBuildFile; fileRef = 1FF871732FA41A60009080AD /* Pinpoint Accessibility Checker Extension.appex */; settings = {ATTRIBUTES = (RemoveHeadersOnCopy, ); }; };
		1FF8717E2FA41A60009080AD /* Pinpoint Accessibility Checker Extension.appex in Embed Foundation Extensions */ = {isa = PBXBuildFile; fileRef = 1FF8717D2FA41A60009080AD /* Pinpoint Accessibility Checker Extension.appex */; settings = {ATTRIBUTES = (RemoveHeadersOnCopy, ); }; };
		1FF871832FA41A60009080AD /* Main.html in Resources */ = {isa = PBXBuildFile; fileRef = 1FF871482FA41A5F009080AD /* Main.html */; };
		1FF871842FA41A60009080AD /* Main.html in Resources */ = {isa = PBXBuildFile; fileRef = 1FF871482FA41A5F009080AD /* Main.html */; };
		1FF871852FA41A60009080AD /* Icon.png in Resources */ = {isa = PBXBuildFile; fileRef = 1FF8714A2FA41A5F009080AD /* Icon.png */; };
		1FF871862FA41A60009080AD /* Icon.png in Resources */ = {isa = PBXBuildFile; fileRef = 1FF8714A2FA41A5F009080AD /* Icon.png */; };
		1FF871872FA41A60009080AD /* Style.css in Resources */ = {isa = PBXBuildFile; fileRef = 1FF8714B2FA41A5F009080AD /* Style.css */; };
		1FF871882FA41A60009080AD /* Style.css in Resources */ = {isa = PBXBuildFile; fileRef = 1FF8714B2FA41A5F009080AD /* Style.css */; };
		1FF871892FA41A60009080AD /* Script.js in Resources */ = {isa = PBXBuildFile; fileRef = 1FF8714C2FA41A5F009080AD /* Script.js */; };
		1FF8718A2FA41A60009080AD /* Script.js in Resources */ = {isa = PBXBuildFile; fileRef = 1FF8714C2FA41A5F009080AD /* Script.js */; };
		1FF8718B2FA41A60009080AD /* ViewController.swift in Sources */ = {isa = PBXBuildFile; fileRef = 1FF8714D2FA41A5F009080AD /* ViewController.swift */; };
		1FF8718C2FA41A60009080AD /* ViewController.swift in Sources */ = {isa = PBXBuildFile; fileRef = 1FF8714D2FA41A5F009080AD /* ViewController.swift */; };
		1FF8718D2FA41A60009080AD /* Assets.xcassets in Resources */ = {isa = PBXBuildFile; fileRef = 1FF8714E2FA41A60009080AD /* Assets.xcassets */; };
		1FF8718E2FA41A60009080AD /* Assets.xcassets in Resources */ = {isa = PBXBuildFile; fileRef = 1FF8714E2FA41A60009080AD /* Assets.xcassets */; };
		1FF8718F2FA41A60009080AD /* SafariWebExtensionHandler.swift in Sources */ = {isa = PBXBuildFile; fileRef = 1FF871502FA41A60009080AD /* SafariWebExtensionHandler.swift */; };
		1FF871902FA41A60009080AD /* SafariWebExtensionHandler.swift in Sources */ = {isa = PBXBuildFile; fileRef = 1FF871502FA41A60009080AD /* SafariWebExtensionHandler.swift */; };
		1FF871AC2FA41A60009080AD /* popup.js in Resources */ = {isa = PBXBuildFile; fileRef = 1FF871A22FA41A60009080AD /* popup.js */; };
		1FF871AD2FA41A60009080AD /* gsap.min.js in Resources */ = {isa = PBXBuildFile; fileRef = 1FF871A32FA41A60009080AD /* gsap.min.js */; };
		1FF871AE2FA41A60009080AD /* background.js in Resources */ = {isa = PBXBuildFile; fileRef = 1FF871A42FA41A60009080AD /* background.js */; };
		1FF871AF2FA41A60009080AD /* popup.html in Resources */ = {isa = PBXBuildFile; fileRef = 1FF871A52FA41A60009080AD /* popup.html */; };
		1FF871B02FA41A60009080AD /* axe-core.min.js in Resources */ = {isa = PBXBuildFile; fileRef = 1FF871A62FA41A60009080AD /* axe-core.min.js */; };
		1FF871B12FA41A60009080AD /* accessibility-checker.js in Resources */ = {isa = PBXBuildFile; fileRef = 1FF871A72FA41A60009080AD /* accessibility-checker.js */; };
		1FF871B22FA41A60009080AD /* icons in Resources */ = {isa = PBXBuildFile; fileRef = 1FF871A82FA41A60009080AD /* icons */; };
		1FF871B32FA41A60009080AD /* manifest.json in Resources */ = {isa = PBXBuildFile; fileRef = 1FF871A92FA41A60009080AD /* manifest.json */; };
		1FF871B42FA41A60009080AD /* content-script.js in Resources */ = {isa = PBXBuildFile; fileRef = 1FF871AA2FA41A60009080AD /* content-script.js */; };
		1FF871B52FA41A60009080AD /* popup.css in Resources */ = {isa = PBXBuildFile; fileRef = 1FF871AB2FA41A60009080AD /* popup.css */; };
		1FF871B62FA41A60009080AD /* popup.js in Resources */ = {isa = PBXBuildFile; fileRef = 1FF871A22FA41A60009080AD /* popup.js */; };
		1FF871B72FA41A60009080AD /* gsap.min.js in Resources */ = {isa = PBXBuildFile; fileRef = 1FF871A32FA41A60009080AD /* gsap.min.js */; };
		1FF871B82FA41A60009080AD /* background.js in Resources */ = {isa = PBXBuildFile; fileRef = 1FF871A42FA41A60009080AD /* background.js */; };
		1FF871B92FA41A60009080AD /* popup.html in Resources */ = {isa = PBXBuildFile; fileRef = 1FF871A52FA41A60009080AD /* popup.html */; };
		1FF871BA2FA41A60009080AD /* axe-core.min.js in Resources */ = {isa = PBXBuildFile; fileRef = 1FF871A62FA41A60009080AD /* axe-core.min.js */; };
		1FF871BB2FA41A60009080AD /* accessibility-checker.js in Resources */ = {isa = PBXBuildFile; fileRef = 1FF871A72FA41A60009080AD /* accessibility-checker.js */; };
		1FF871BC2FA41A60009080AD /* icons in Resources */ = {isa = PBXBuildFile; fileRef = 1FF871A82FA41A60009080AD /* icons */; };
		1FF871BD2FA41A60009080AD /* manifest.json in Resources */ = {isa = PBXBuildFile; fileRef = 1FF871A92FA41A60009080AD /* manifest.json */; };
		1FF871BE2FA41A60009080AD /* content-script.js in Resources */ = {isa = PBXBuildFile; fileRef = 1FF871AA2FA41A60009080AD /* content-script.js */; };
		1FF871BF2FA41A60009080AD /* popup.css in Resources */ = {isa = PBXBuildFile; fileRef = 1FF871AB2FA41A60009080AD /* popup.css */; };
/* End PBXBuildFile section */

/* Begin PBXContainerItemProxy section */
		1FF871752FA41A60009080AD /* PBXContainerItemProxy */ = {
			isa = PBXContainerItemProxy;
			containerPortal = 1FF871422FA41A5F009080AD /* Project object */;
			proxyType = 1;
			remoteGlobalIDString = 1FF871722FA41A60009080AD;
			remoteInfo = "Pinpoint Accessibility Checker Extension (iOS)";
		};
		1FF8717F2FA41A60009080AD /* PBXContainerItemProxy */ = {
			isa = PBXContainerItemProxy;
			containerPortal = 1FF871422FA41A5F009080AD /* Project object */;
			proxyType = 1;
			remoteGlobalIDString = 1FF8717C2FA41A60009080AD;
			remoteInfo = "Pinpoint Accessibility Checker Extension (macOS)";
		};
/* End PBXContainerItemProxy section */

/* Begin PBXCopyFilesBuildPhase section */
		1FF871962FA41A60009080AD /* Embed Foundation Extensions */ = {
			isa = PBXCopyFilesBuildPhase;
			buildActionMask = 2147483647;
			dstPath = "";
			dstSubfolderSpec = 13;
			files = (
				1FF871742FA41A60009080AD /* Pinpoint Accessibility Checker Extension.appex in Embed Foundation Extensions */,
			);
			name = "Embed Foundation Extensions";
			runOnlyForDeploymentPostprocessing = 0;
		};
		1FF8719D2FA41A60009080AD /* Embed Foundation Extensions */ = {
			isa = PBXCopyFilesBuildPhase;
			buildActionMask = 2147483647;
			dstPath = "";
			dstSubfolderSpec = 13;
			files = (
				1FF8717E2FA41A60009080AD /* Pinpoint Accessibility Checker Extension.appex in Embed Foundation Extensions */,
			);
			name = "Embed Foundation Extensions";
			runOnlyForDeploymentPostprocessing = 0;
		};
/* End PBXCopyFilesBuildPhase section */

/* Begin PBXFileReference section */
		1FF871492FA41A5F009080AD /* Base */ = {isa = PBXFileReference; lastKnownFileType = text.html; name = Base; path = Base.lproj/Main.html; sourceTree = "<group>"; };
		1FF8714A2FA41A5F009080AD /* Icon.png */ = {isa = PBXFileReference; lastKnownFileType = image.png; path = Icon.png; sourceTree = "<group>"; };
		1FF8714B2FA41A5F009080AD /* Style.css */ = {isa = PBXFileReference; lastKnownFileType = text.css; path = Style.css; sourceTree = "<group>"; };
		1FF8714C2FA41A5F009080AD /* Script.js */ = {isa = PBXFileReference; lastKnownFileType = sourcecode.javascript; path = Script.js; sourceTree = "<group>"; };
		1FF8714D2FA41A5F009080AD /* ViewController.swift */ = {isa = PBXFileReference; lastKnownFileType = sourcecode.swift; path = ViewController.swift; sourceTree = "<group>"; };
		1FF8714E2FA41A60009080AD /* Assets.xcassets */ = {isa = PBXFileReference; lastKnownFileType = folder.assetcatalog; path = Assets.xcassets; sourceTree = "<group>"; };
		1FF871502FA41A60009080AD /* SafariWebExtensionHandler.swift */ = {isa = PBXFileReference; lastKnownFileType = sourcecode.swift; path = SafariWebExtensionHandler.swift; sourceTree = "<group>"; };
		1FF871552FA41A60009080AD /* Pinpoint Accessibility Checker.app */ = {isa = PBXFileReference; explicitFileType = wrapper.application; includeInIndex = 0; path = "Pinpoint Accessibility Checker.app"; sourceTree = BUILT_PRODUCTS_DIR; };
		1FF871582FA41A60009080AD /* AppDelegate.swift */ = {isa = PBXFileReference; lastKnownFileType = sourcecode.swift; path = AppDelegate.swift; sourceTree = "<group>"; };
		1FF8715A2FA41A60009080AD /* SceneDelegate.swift */ = {isa = PBXFileReference; lastKnownFileType = sourcecode.swift; path = SceneDelegate.swift; sourceTree = "<group>"; };
		1FF8715D2FA41A60009080AD /* Base */ = {isa = PBXFileReference; lastKnownFileType = file.storyboard; name = Base; path = Base.lproj/LaunchScreen.storyboard; sourceTree = "<group>"; };
		1FF871602FA41A60009080AD /* Base */ = {isa = PBXFileReference; lastKnownFileType = file.storyboard; name = Base; path = Base.lproj/Main.storyboard; sourceTree = "<group>"; };
		1FF871622FA41A60009080AD /* Info.plist */ = {isa = PBXFileReference; lastKnownFileType = text.plist.xml; path = Info.plist; sourceTree = "<group>"; };
		1FF871672FA41A60009080AD /* Pinpoint Accessibility Checker.app */ = {isa = PBXFileReference; explicitFileType = wrapper.application; includeInIndex = 0; path = "Pinpoint Accessibility Checker.app"; sourceTree = BUILT_PRODUCTS_DIR; };
		1FF871692FA41A60009080AD /* AppDelegate.swift */ = {isa = PBXFileReference; lastKnownFileType = sourcecode.swift; path = AppDelegate.swift; sourceTree = "<group>"; };
		1FF8716C2FA41A60009080AD /* Base */ = {isa = PBXFileReference; lastKnownFileType = file.storyboard; name = Base; path = Base.lproj/Main.storyboard; sourceTree = "<group>"; };
		1FF8716E2FA41A60009080AD /* Info.plist */ = {isa = PBXFileReference; lastKnownFileType = text.plist.xml; path = Info.plist; sourceTree = "<group>"; };
		1FF871732FA41A60009080AD /* Pinpoint Accessibility Checker Extension.appex */ = {isa = PBXFileReference; explicitFileType = "wrapper.app-extension"; includeInIndex = 0; path = "Pinpoint Accessibility Checker Extension.appex"; sourceTree = BUILT_PRODUCTS_DIR; };
		1FF871782FA41A60009080AD /* Info.plist */ = {isa = PBXFileReference; lastKnownFileType = text.plist.xml; path = Info.plist; sourceTree = "<group>"; };
		1FF8717D2FA41A60009080AD /* Pinpoint Accessibility Checker Extension.appex */ = {isa = PBXFileReference; explicitFileType = "wrapper.app-extension"; includeInIndex = 0; path = "Pinpoint Accessibility Checker Extension.appex"; sourceTree = BUILT_PRODUCTS_DIR; };
		1FF871822FA41A60009080AD /* Info.plist */ = {isa = PBXFileReference; lastKnownFileType = text.plist.xml; path = Info.plist; sourceTree = "<group>"; };
		1FF871A22FA41A60009080AD /* popup.js */ = {isa = PBXFileReference; lastKnownFileType = sourcecode.javascript; name = popup.js; path = Resources/popup.js; sourceTree = "<group>"; };
		1FF871A32FA41A60009080AD /* gsap.min.js */ = {isa = PBXFileReference; lastKnownFileType = sourcecode.javascript; name = gsap.min.js; path = Resources/gsap.min.js; sourceTree = "<group>"; };
		1FF871A42FA41A60009080AD /* background.js */ = {isa = PBXFileReference; lastKnownFileType = sourcecode.javascript; name = background.js; path = Resources/background.js; sourceTree = "<group>"; };
		1FF871A52FA41A60009080AD /* popup.html */ = {isa = PBXFileReference; lastKnownFileType = text.html; name = popup.html; path = Resources/popup.html; sourceTree = "<group>"; };
		1FF871A62FA41A60009080AD /* axe-core.min.js */ = {isa = PBXFileReference; lastKnownFileType = sourcecode.javascript; name = "axe-core.min.js"; path = "Resources/axe-core.min.js"; sourceTree = "<group>"; };
		1FF871A72FA41A60009080AD /* accessibility-checker.js */ = {isa = PBXFileReference; lastKnownFileType = sourcecode.javascript; name = "accessibility-checker.js"; path = "Resources/accessibility-checker.js"; sourceTree = "<group>"; };
		1FF871A82FA41A60009080AD /* icons */ = {isa = PBXFileReference; lastKnownFileType = folder; name = icons; path = Resources/icons; sourceTree = "<group>"; };
		1FF871A92FA41A60009080AD /* manifest.json */ = {isa = PBXFileReference; lastKnownFileType = text.json; name = manifest.json; path = Resources/manifest.json; sourceTree = "<group>"; };
		1FF871AA2FA41A60009080AD /* content-script.js */ = {isa = PBXFileReference; lastKnownFileType = sourcecode.javascript; name = "content-script.js"; path = "Resources/content-script.js"; sourceTree = "<group>"; };
		1FF871AB2FA41A60009080AD /* popup.css */ = {isa = PBXFileReference; lastKnownFileType = text.css; name = popup.css; path = Resources/popup.css; sourceTree = "<group>"; };
/* End PBXFileReference section */

/* Begin PBXFrameworksBuildPhase section */
		1FF871522FA41A60009080AD /* Frameworks */ = {
			isa = PBXFrameworksBuildPhase;
			buildActionMask = 2147483647;
			files = (
			);
			runOnlyForDeploymentPostprocessing = 0;
		};
		1FF871642FA41A60009080AD /* Frameworks */ = {
			isa = PBXFrameworksBuildPhase;
			buildActionMask = 2147483647;
			files = (
			);
			runOnlyForDeploymentPostprocessing = 0;
		};
		1FF871702FA41A60009080AD /* Frameworks */ = {
			isa = PBXFrameworksBuildPhase;
			buildActionMask = 2147483647;
			files = (
			);
			runOnlyForDeploymentPostprocessing = 0;
		};
		1FF8717A2FA41A60009080AD /* Frameworks */ = {
			isa = PBXFrameworksBuildPhase;
			buildActionMask = 2147483647;
			files = (
			);
			runOnlyForDeploymentPostprocessing = 0;
		};
/* End PBXFrameworksBuildPhase section */

/* Begin PBXGroup section */
		1FF871412FA41A5F009080AD = {
			isa = PBXGroup;
			children = (
				1FF871462FA41A5F009080AD /* Shared (App) */,
				1FF8714F2FA41A60009080AD /* Shared (Extension) */,
				1FF871572FA41A60009080AD /* iOS (App) */,
				1FF871682FA41A60009080AD /* macOS (App) */,
				1FF871772FA41A60009080AD /* iOS (Extension) */,
				1FF871812FA41A60009080AD /* macOS (Extension) */,
				1FF871562FA41A60009080AD /* Products */,
			);
			sourceTree = "<group>";
		};
		1FF871462FA41A5F009080AD /* Shared (App) */ = {
			isa = PBXGroup;
			children = (
				1FF8714D2FA41A5F009080AD /* ViewController.swift */,
				1FF8714E2FA41A60009080AD /* Assets.xcassets */,
				1FF871472FA41A5F009080AD /* Resources */,
			);
			path = "Shared (App)";
			sourceTree = "<group>";
		};
		1FF871472FA41A5F009080AD /* Resources */ = {
			isa = PBXGroup;
			children = (
				1FF871482FA41A5F009080AD /* Main.html */,
				1FF8714A2FA41A5F009080AD /* Icon.png */,
				1FF8714B2FA41A5F009080AD /* Style.css */,
				1FF8714C2FA41A5F009080AD /* Script.js */,
			);
			path = Resources;
			sourceTree = "<group>";
		};
		1FF8714F2FA41A60009080AD /* Shared (Extension) */ = {
			isa = PBXGroup;
			children = (
				1FF871A12FA41A60009080AD /* Resources */,
				1FF871502FA41A60009080AD /* SafariWebExtensionHandler.swift */,
			);
			path = "Shared (Extension)";
			sourceTree = "<group>";
		};
		1FF871562FA41A60009080AD /* Products */ = {
			isa = PBXGroup;
			children = (
				1FF871552FA41A60009080AD /* Pinpoint Accessibility Checker.app */,
				1FF871672FA41A60009080AD /* Pinpoint Accessibility Checker.app */,
				1FF871732FA41A60009080AD /* Pinpoint Accessibility Checker Extension.appex */,
				1FF8717D2FA41A60009080AD /* Pinpoint Accessibility Checker Extension.appex */,
			);
			name = Products;
			sourceTree = "<group>";
		};
		1FF871572FA41A60009080AD /* iOS (App) */ = {
			isa = PBXGroup;
			children = (
				1FF871582FA41A60009080AD /* AppDelegate.swift */,
				1FF8715A2FA41A60009080AD /* SceneDelegate.swift */,
				1FF8715C2FA41A60009080AD /* LaunchScreen.storyboard */,
				1FF8715F2FA41A60009080AD /* Main.storyboard */,
				1FF871622FA41A60009080AD /* Info.plist */,
			);
			path = "iOS (App)";
			sourceTree = "<group>";
		};
		1FF871682FA41A60009080AD /* macOS (App) */ = {
			isa = PBXGroup;
			children = (
				1FF871692FA41A60009080AD /* AppDelegate.swift */,
				1FF8716B2FA41A60009080AD /* Main.storyboard */,
				1FF8716E2FA41A60009080AD /* Info.plist */,
			);
			path = "macOS (App)";
			sourceTree = "<group>";
		};
		1FF871772FA41A60009080AD /* iOS (Extension) */ = {
			isa = PBXGroup;
			children = (
				1FF871782FA41A60009080AD /* Info.plist */,
			);
			path = "iOS (Extension)";
			sourceTree = "<group>";
		};
		1FF871812FA41A60009080AD /* macOS (Extension) */ = {
			isa = PBXGroup;
			children = (
				1FF871822FA41A60009080AD /* Info.plist */,
			);
			path = "macOS (Extension)";
			sourceTree = "<group>";
		};
		1FF871A12FA41A60009080AD /* Resources */ = {
			isa = PBXGroup;
			children = (
				1FF871A22FA41A60009080AD /* popup.js */,
				1FF871A32FA41A60009080AD /* gsap.min.js */,
				1FF871A42FA41A60009080AD /* background.js */,
				1FF871A52FA41A60009080AD /* popup.html */,
				1FF871A62FA41A60009080AD /* axe-core.min.js */,
				1FF871A72FA41A60009080AD /* accessibility-checker.js */,
				1FF871A82FA41A60009080AD /* icons */,
				1FF871A92FA41A60009080AD /* manifest.json */,
				1FF871AA2FA41A60009080AD /* content-script.js */,
				1FF871AB2FA41A60009080AD /* popup.css */,
			);
			name = Resources;
			path = "Shared (Extension)";
			sourceTree = SOURCE_ROOT;
		};
/* End PBXGroup section */

/* Begin PBXNativeTarget section */
		1FF871542FA41A60009080AD /* Pinpoint Accessibility Checker (iOS) */ = {
			isa = PBXNativeTarget;
			buildConfigurationList = 1FF871972FA41A60009080AD /* Build configuration list for PBXNativeTarget "Pinpoint Accessibility Checker (iOS)" */;
			buildPhases = (
				1FF871512FA41A60009080AD /* Sources */,
				1FF871522FA41A60009080AD /* Frameworks */,
				1FF871532FA41A60009080AD /* Resources */,
				1FF871962FA41A60009080AD /* Embed Foundation Extensions */,
			);
			buildRules = (
			);
			dependencies = (
				1FF871762FA41A60009080AD /* PBXTargetDependency */,
			);
			name = "Pinpoint Accessibility Checker (iOS)";
			packageProductDependencies = (
			);
			productName = "Pinpoint Accessibility Checker (iOS)";
			productReference = 1FF871552FA41A60009080AD /* Pinpoint Accessibility Checker.app */;
			productType = "com.apple.product-type.application";
		};
		1FF871662FA41A60009080AD /* Pinpoint Accessibility Checker (macOS) */ = {
			isa = PBXNativeTarget;
			buildConfigurationList = 1FF8719E2FA41A60009080AD /* Build configuration list for PBXNativeTarget "Pinpoint Accessibility Checker (macOS)" */;
			buildPhases = (
				1FF871632FA41A60009080AD /* Sources */,
				1FF871642FA41A60009080AD /* Frameworks */,
				1FF871652FA41A60009080AD /* Resources */,
				1FF8719D2FA41A60009080AD /* Embed Foundation Extensions */,
			);
			buildRules = (
			);
			dependencies = (
				1FF871802FA41A60009080AD /* PBXTargetDependency */,
			);
			name = "Pinpoint Accessibility Checker (macOS)";
			packageProductDependencies = (
			);
			productName = "Pinpoint Accessibility Checker (macOS)";
			productReference = 1FF871672FA41A60009080AD /* Pinpoint Accessibility Checker.app */;
			productType = "com.apple.product-type.application";
		};
		1FF871722FA41A60009080AD /* Pinpoint Accessibility Checker Extension (iOS) */ = {
			isa = PBXNativeTarget;
			buildConfigurationList = 1FF871932FA41A60009080AD /* Build configuration list for PBXNativeTarget "Pinpoint Accessibility Checker Extension (iOS)" */;
			buildPhases = (
				1FF8716F2FA41A60009080AD /* Sources */,
				1FF871702FA41A60009080AD /* Frameworks */,
				1FF871712FA41A60009080AD /* Resources */,
			);
			buildRules = (
			);
			dependencies = (
			);
			name = "Pinpoint Accessibility Checker Extension (iOS)";
			packageProductDependencies = (
			);
			productName = "Pinpoint Accessibility Checker Extension (iOS)";
			productReference = 1FF871732FA41A60009080AD /* Pinpoint Accessibility Checker Extension.appex */;
			productType = "com.apple.product-type.app-extension";
		};
		1FF8717C2FA41A60009080AD /* Pinpoint Accessibility Checker Extension (macOS) */ = {
			isa = PBXNativeTarget;
			buildConfigurationList = 1FF8719A2FA41A60009080AD /* Build configuration list for PBXNativeTarget "Pinpoint Accessibility Checker Extension (macOS)" */;
			buildPhases = (
				1FF871792FA41A60009080AD /* Sources */,
				1FF8717A2FA41A60009080AD /* Frameworks */,
				1FF8717B2FA41A60009080AD /* Resources */,
			);
			buildRules = (
			);
			dependencies = (
			);
			name = "Pinpoint Accessibility Checker Extension (macOS)";
			packageProductDependencies = (
			);
			productName = "Pinpoint Accessibility Checker Extension (macOS)";
			productReference = 1FF8717D2FA41A60009080AD /* Pinpoint Accessibility Checker Extension.appex */;
			productType = "com.apple.product-type.app-extension";
		};
/* End PBXNativeTarget section */

/* Begin PBXProject section */
		1FF871422FA41A5F009080AD /* Project object */ = {
			isa = PBXProject;
			attributes = {
				BuildIndependentTargetsInParallel = 1;
				LastSwiftUpdateCheck = 2640;
				LastUpgradeCheck = 2640;
				TargetAttributes = {
					1FF871542FA41A60009080AD = {
						CreatedOnToolsVersion = 26.4.1;
					};
					1FF871662FA41A60009080AD = {
						CreatedOnToolsVersion = 26.4.1;
					};
					1FF871722FA41A60009080AD = {
						CreatedOnToolsVersion = 26.4.1;
					};
					1FF8717C2FA41A60009080AD = {
						CreatedOnToolsVersion = 26.4.1;
					};
				};
			};
			buildConfigurationList = 1FF871452FA41A5F009080AD /* Build configuration list for PBXProject "Pinpoint Accessibility Checker" */;
			developmentRegion = en;
			hasScannedForEncodings = 0;
			knownRegions = (
				en,
				Base,
			);
			mainGroup = 1FF871412FA41A5F009080AD;
			minimizedProjectReferenceProxies = 1;
			preferredProjectObjectVersion = 77;
			productRefGroup = 1FF871562FA41A60009080AD /* Products */;
			projectDirPath = "";
			projectRoot = "";
			targets = (
				1FF871542FA41A60009080AD /* Pinpoint Accessibility Checker (iOS) */,
				1FF871662FA41A60009080AD /* Pinpoint Accessibility Checker (macOS) */,
				1FF871722FA41A60009080AD /* Pinpoint Accessibility Checker Extension (iOS) */,
				1FF8717C2FA41A60009080AD /* Pinpoint Accessibility Checker Extension (macOS) */,
			);
		};
/* End PBXProject section */

/* Begin PBXResourcesBuildPhase section */
		1FF871532FA41A60009080AD /* Resources */ = {
			isa = PBXResourcesBuildPhase;
			buildActionMask = 2147483647;
			files = (
				1FF871852FA41A60009080AD /* Icon.png in Resources */,
				1FF8715E2FA41A60009080AD /* LaunchScreen.storyboard in Resources */,
				1FF871832FA41A60009080AD /* Main.html in Resources */,
				1FF871892FA41A60009080AD /* Script.js in Resources */,
				1FF8718D2FA41A60009080AD /* Assets.xcassets in Resources */,
				1FF871612FA41A60009080AD /* Main.storyboard in Resources */,
				1FF871872FA41A60009080AD /* Style.css in Resources */,
			);
			runOnlyForDeploymentPostprocessing = 0;
		};
		1FF871652FA41A60009080AD /* Resources */ = {
			isa = PBXResourcesBuildPhase;
			buildActionMask = 2147483647;
			files = (
				1FF871862FA41A60009080AD /* Icon.png in Resources */,
				1FF871882FA41A60009080AD /* Style.css in Resources */,
				1FF8716D2FA41A60009080AD /* Main.storyboard in Resources */,
				1FF8718A2FA41A60009080AD /* Script.js in Resources */,
				1FF8718E2FA41A60009080AD /* Assets.xcassets in Resources */,
				1FF871842FA41A60009080AD /* Main.html in Resources */,
			);
			runOnlyForDeploymentPostprocessing = 0;
		};
		1FF871712FA41A60009080AD /* Resources */ = {
			isa = PBXResourcesBuildPhase;
			buildActionMask = 2147483647;
			files = (
				1FF871BF2FA41A60009080AD /* popup.css in Resources */,
				1FF871BA2FA41A60009080AD /* axe-core.min.js in Resources */,
				1FF871BB2FA41A60009080AD /* accessibility-checker.js in Resources */,
				1FF871B62FA41A60009080AD /* popup.js in Resources */,
				1FF871B92FA41A60009080AD /* popup.html in Resources */,
				1FF871BD2FA41A60009080AD /* manifest.json in Resources */,
				1FF871BE2FA41A60009080AD /* content-script.js in Resources */,
				1FF871B82FA41A60009080AD /* background.js in Resources */,
				1FF871BC2FA41A60009080AD /* icons in Resources */,
				1FF871B72FA41A60009080AD /* gsap.min.js in Resources */,
			);
			runOnlyForDeploymentPostprocessing = 0;
		};
		1FF8717B2FA41A60009080AD /* Resources */ = {
			isa = PBXResourcesBuildPhase;
			buildActionMask = 2147483647;
			files = (
				1FF871B52FA41A60009080AD /* popup.css in Resources */,
				1FF871B02FA41A60009080AD /* axe-core.min.js in Resources */,
				1FF871B12FA41A60009080AD /* accessibility-checker.js in Resources */,
				1FF871AC2FA41A60009080AD /* popup.js in Resources */,
				1FF871AF2FA41A60009080AD /* popup.html in Resources */,
				1FF871B32FA41A60009080AD /* manifest.json in Resources */,
				1FF871B42FA41A60009080AD /* content-script.js in Resources */,
				1FF871AE2FA41A60009080AD /* background.js in Resources */,
				1FF871B22FA41A60009080AD /* icons in Resources */,
				1FF871AD2FA41A60009080AD /* gsap.min.js in Resources */,
			);
			runOnlyForDeploymentPostprocessing = 0;
		};
/* End PBXResourcesBuildPhase section */

/* Begin PBXSourcesBuildPhase section */
		1FF871512FA41A60009080AD /* Sources */ = {
			isa = PBXSourcesBuildPhase;
			buildActionMask = 2147483647;
			files = (
				1FF8718B2FA41A60009080AD /* ViewController.swift in Sources */,
				1FF871592FA41A60009080AD /* AppDelegate.swift in Sources */,
				1FF8715B2FA41A60009080AD /* SceneDelegate.swift in Sources */,
			);
			runOnlyForDeploymentPostprocessing = 0;
		};
		1FF871632FA41A60009080AD /* Sources */ = {
			isa = PBXSourcesBuildPhase;
			buildActionMask = 2147483647;
			files = (
				1FF8718C2FA41A60009080AD /* ViewController.swift in Sources */,
				1FF8716A2FA41A60009080AD /* AppDelegate.swift in Sources */,
			);
			runOnlyForDeploymentPostprocessing = 0;
		};
		1FF8716F2FA41A60009080AD /* Sources */ = {
			isa = PBXSourcesBuildPhase;
			buildActionMask = 2147483647;
			files = (
				1FF8718F2FA41A60009080AD /* SafariWebExtensionHandler.swift in Sources */,
			);
			runOnlyForDeploymentPostprocessing = 0;
		};
		1FF871792FA41A60009080AD /* Sources */ = {
			isa = PBXSourcesBuildPhase;
			buildActionMask = 2147483647;
			files = (
				1FF871902FA41A60009080AD /* SafariWebExtensionHandler.swift in Sources */,
			);
			runOnlyForDeploymentPostprocessing = 0;
		};
/* End PBXSourcesBuildPhase section */

/* Begin PBXTargetDependency section */
		1FF871762FA41A60009080AD /* PBXTargetDependency */ = {
			isa = PBXTargetDependency;
			target = 1FF871722FA41A60009080AD /* Pinpoint Accessibility Checker Extension (iOS) */;
			targetProxy = 1FF871752FA41A60009080AD /* PBXContainerItemProxy */;
		};
		1FF871802FA41A60009080AD /* PBXTargetDependency */ = {
			isa = PBXTargetDependency;
			target = 1FF8717C2FA41A60009080AD /* Pinpoint Accessibility Checker Extension (macOS) */;
			targetProxy = 1FF8717F2FA41A60009080AD /* PBXContainerItemProxy */;
		};
/* End PBXTargetDependency section */

/* Begin PBXVariantGroup section */
		1FF871482FA41A5F009080AD /* Main.html */ = {
			isa = PBXVariantGroup;
			children = (
				1FF871492FA41A5F009080AD /* Base */,
			);
			name = Main.html;
			sourceTree = "<group>";
		};
		1FF8715C2FA41A60009080AD /* LaunchScreen.storyboard */ = {
			isa = PBXVariantGroup;
			children = (
				1FF8715D2FA41A60009080AD /* Base */,
			);
			name = LaunchScreen.storyboard;
			sourceTree = "<group>";
		};
		1FF8715F2FA41A60009080AD /* Main.storyboard */ = {
			isa = PBXVariantGroup;
			children = (
				1FF871602FA41A60009080AD /* Base */,
			);
			name = Main.storyboard;
			sourceTree = "<group>";
		};
		1FF8716B2FA41A60009080AD /* Main.storyboard */ = {
			isa = PBXVariantGroup;
			children = (
				1FF8716C2FA41A60009080AD /* Base */,
			);
			name = Main.storyboard;
			sourceTree = "<group>";
		};
/* End PBXVariantGroup section */

/* Begin XCBuildConfiguration section */
		1FF871912FA41A60009080AD /* Debug */ = {
			isa = XCBuildConfiguration;
			buildSettings = {
				ALWAYS_SEARCH_USER_PATHS = NO;
				ASSETCATALOG_COMPILER_GENERATE_SWIFT_ASSET_SYMBOL_EXTENSIONS = YES;
				CLANG_ANALYZER_NONNULL = YES;
				CLANG_ANALYZER_NUMBER_OBJECT_CONVERSION = YES_AGGRESSIVE;
				CLANG_CXX_LANGUAGE_STANDARD = "gnu++20";
				CLANG_ENABLE_MODULES = YES;
				CLANG_ENABLE_OBJC_ARC = YES;
				CLANG_ENABLE_OBJC_WEAK = YES;
				CLANG_WARN_BLOCK_CAPTURE_AUTORELEASING = YES;
				CLANG_WARN_BOOL_CONVERSION = YES;
				CLANG_WARN_COMMA = YES;
				CLANG_WARN_CONSTANT_CONVERSION = YES;
				CLANG_WARN_DEPRECATED_OBJC_IMPLEMENTATIONS = YES;
				CLANG_WARN_DIRECT_OBJC_ISA_USAGE = YES_ERROR;
				CLANG_WARN_DOCUMENTATION_COMMENTS = YES;
				CLANG_WARN_EMPTY_BODY = YES;
				CLANG_WARN_ENUM_CONVERSION = YES;
				CLANG_WARN_INFINITE_RECURSION = YES;
				CLANG_WARN_INT_CONVERSION = YES;
				CLANG_WARN_NON_LITERAL_NULL_CONVERSION = YES;
				CLANG_WARN_OBJC_IMPLICIT_RETAIN_SELF = YES;
				CLANG_WARN_OBJC_LITERAL_CONVERSION = YES;
				CLANG_WARN_OBJC_ROOT_CLASS = YES_ERROR;
				CLANG_WARN_QUOTED_INCLUDE_IN_FRAMEWORK_HEADER = YES;
				CLANG_WARN_RANGE_LOOP_ANALYSIS = YES;
				CLANG_WARN_STRICT_PROTOTYPES = YES;
				CLANG_WARN_SUSPICIOUS_MOVE = YES;
				CLANG_WARN_UNGUARDED_AVAILABILITY = YES_AGGRESSIVE;
				CLANG_WARN_UNREACHABLE_CODE = YES;
				CLANG_WARN__DUPLICATE_METHOD_MATCH = YES;
				COPY_PHASE_STRIP = NO;
				DEBUG_INFORMATION_FORMAT = dwarf;
				ENABLE_STRICT_OBJC_MSGSEND = YES;
				ENABLE_TESTABILITY = YES;
				ENABLE_USER_SCRIPT_SANDBOXING = YES;
				GCC_C_LANGUAGE_STANDARD = gnu17;
				GCC_DYNAMIC_NO_PIC = NO;
				GCC_NO_COMMON_BLOCKS = YES;
				GCC_OPTIMIZATION_LEVEL = 0;
				GCC_PREPROCESSOR_DEFINITIONS = (
					"DEBUG=1",
					"$(inherited)",
				);
				GCC_WARN_64_TO_32_BIT_CONVERSION = YES;
				GCC_WARN_ABOUT_RETURN_TYPE = YES_ERROR;
				GCC_WARN_UNDECLARED_SELECTOR = YES;
				GCC_WARN_UNINITIALIZED_AUTOS = YES_AGGRESSIVE;
				GCC_WARN_UNUSED_FUNCTION = YES;
				GCC_WARN_UNUSED_VARIABLE = YES;
				LOCALIZATION_PREFERS_STRING_CATALOGS = YES;
				MTL_ENABLE_DEBUG_INFO = INCLUDE_SOURCE;
				MTL_FAST_MATH = YES;
				ONLY_ACTIVE_ARCH = YES;
				SWIFT_ACTIVE_COMPILATION_CONDITIONS = "DEBUG $(inherited)";
				SWIFT_OPTIMIZATION_LEVEL = "-Onone";
			};
			name = Debug;
		};
		1FF871922FA41A60009080AD /* Release */ = {
			isa = XCBuildConfiguration;
			buildSettings = {
				ALWAYS_SEARCH_USER_PATHS = NO;
				ASSETCATALOG_COMPILER_GENERATE_SWIFT_ASSET_SYMBOL_EXTENSIONS = YES;
				CLANG_ANALYZER_NONNULL = YES;
				CLANG_ANALYZER_NUMBER_OBJECT_CONVERSION = YES_AGGRESSIVE;
				CLANG_CXX_LANGUAGE_STANDARD = "gnu++20";
				CLANG_ENABLE_MODULES = YES;
				CLANG_ENABLE_OBJC_ARC = YES;
				CLANG_ENABLE_OBJC_WEAK = YES;
				CLANG_WARN_BLOCK_CAPTURE_AUTORELEASING = YES;
				CLANG_WARN_BOOL_CONVERSION = YES;
				CLANG_WARN_COMMA = YES;
				CLANG_WARN_CONSTANT_CONVERSION = YES;
				CLANG_WARN_DEPRECATED_OBJC_IMPLEMENTATIONS = YES;
				CLANG_WARN_DIRECT_OBJC_ISA_USAGE = YES_ERROR;
				CLANG_WARN_DOCUMENTATION_COMMENTS = YES;
				CLANG_WARN_EMPTY_BODY = YES;
				CLANG_WARN_ENUM_CONVERSION = YES;
				CLANG_WARN_INFINITE_RECURSION = YES;
				CLANG_WARN_INT_CONVERSION = YES;
				CLANG_WARN_NON_LITERAL_NULL_CONVERSION = YES;
				CLANG_WARN_OBJC_IMPLICIT_RETAIN_SELF = YES;
				CLANG_WARN_OBJC_LITERAL_CONVERSION = YES;
				CLANG_WARN_OBJC_ROOT_CLASS = YES_ERROR;
				CLANG_WARN_QUOTED_INCLUDE_IN_FRAMEWORK_HEADER = YES;
				CLANG_WARN_RANGE_LOOP_ANALYSIS = YES;
				CLANG_WARN_STRICT_PROTOTYPES = YES;
				CLANG_WARN_SUSPICIOUS_MOVE = YES;
				CLANG_WARN_UNGUARDED_AVAILABILITY = YES_AGGRESSIVE;
				CLANG_WARN_UNREACHABLE_CODE = YES;
				CLANG_WARN__DUPLICATE_METHOD_MATCH = YES;
				COPY_PHASE_STRIP = NO;
				DEBUG_INFORMATION_FORMAT = "dwarf-with-dsym";
				ENABLE_NS_ASSERTIONS = NO;
				ENABLE_STRICT_OBJC_MSGSEND = YES;
				ENABLE_USER_SCRIPT_SANDBOXING = YES;
				GCC_C_LANGUAGE_STANDARD = gnu17;
				GCC_NO_COMMON_BLOCKS = YES;
				GCC_WARN_64_TO_32_BIT_CONVERSION = YES;
				GCC_WARN_ABOUT_RETURN_TYPE = YES_ERROR;
				GCC_WARN_UNDECLARED_SELECTOR = YES;
				GCC_WARN_UNINITIALIZED_AUTOS = YES_AGGRESSIVE;
				GCC_WARN_UNUSED_FUNCTION = YES;
				GCC_WARN_UNUSED_VARIABLE = YES;
				LOCALIZATION_PREFERS_STRING_CATALOGS = YES;
				MTL_ENABLE_DEBUG_INFO = NO;
				MTL_FAST_MATH = YES;
				SWIFT_COMPILATION_MODE = wholemodule;
			};
			name = Release;
		};
		1FF871942FA41A60009080AD /* Debug */ = {
			isa = XCBuildConfiguration;
			buildSettings = {
				CODE_SIGN_STYLE = Automatic;
				CURRENT_PROJECT_VERSION = 1;
				GENERATE_INFOPLIST_FILE = YES;
				INFOPLIST_FILE = "iOS (Extension)/Info.plist";
				INFOPLIST_KEY_CFBundleDisplayName = "Pinpoint Accessibility Checker Extension";
				INFOPLIST_KEY_NSHumanReadableCopyright = "";
				IPHONEOS_DEPLOYMENT_TARGET = 15.0;
				LD_RUNPATH_SEARCH_PATHS = (
					"$(inherited)",
					"@executable_path/Frameworks",
					"@executable_path/../../Frameworks",
				);
				MARKETING_VERSION = 1.0;
				OTHER_LDFLAGS = (
					"-framework",
					SafariServices,
				);
				PRODUCT_BUNDLE_IDENTIFIER = com.pinpoint.accessibilitychecker.dev.Extension;
				PRODUCT_NAME = "Pinpoint Accessibility Checker Extension";
				SDKROOT = iphoneos;
				SKIP_INSTALL = YES;
				STRING_CATALOG_GENERATE_SYMBOLS = YES;
				SWIFT_APPROACHABLE_CONCURRENCY = YES;
				SWIFT_EMIT_LOC_STRINGS = YES;
				SWIFT_UPCOMING_FEATURE_MEMBER_IMPORT_VISIBILITY = YES;
				SWIFT_VERSION = 5.0;
				TARGETED_DEVICE_FAMILY = "1,2";
			};
			name = Debug;
		};
		1FF871952FA41A60009080AD /* Release */ = {
			isa = XCBuildConfiguration;
			buildSettings = {
				CODE_SIGN_STYLE = Automatic;
				CURRENT_PROJECT_VERSION = 1;
				GENERATE_INFOPLIST_FILE = YES;
				INFOPLIST_FILE = "iOS (Extension)/Info.plist";
				INFOPLIST_KEY_CFBundleDisplayName = "Pinpoint Accessibility Checker Extension";
				INFOPLIST_KEY_NSHumanReadableCopyright = "";
				IPHONEOS_DEPLOYMENT_TARGET = 15.0;
				LD_RUNPATH_SEARCH_PATHS = (
					"$(inherited)",
					"@executable_path/Frameworks",
					"@executable_path/../../Frameworks",
				);
				MARKETING_VERSION = 1.0;
				OTHER_LDFLAGS = (
					"-framework",
					SafariServices,
				);
				PRODUCT_BUNDLE_IDENTIFIER = com.pinpoint.accessibilitychecker.dev.Extension;
				PRODUCT_NAME = "Pinpoint Accessibility Checker Extension";
				SDKROOT = iphoneos;
				SKIP_INSTALL = YES;
				STRING_CATALOG_GENERATE_SYMBOLS = YES;
				SWIFT_APPROACHABLE_CONCURRENCY = YES;
				SWIFT_EMIT_LOC_STRINGS = YES;
				SWIFT_UPCOMING_FEATURE_MEMBER_IMPORT_VISIBILITY = YES;
				SWIFT_VERSION = 5.0;
				TARGETED_DEVICE_FAMILY = "1,2";
				VALIDATE_PRODUCT = YES;
			};
			name = Release;
		};
		1FF871982FA41A60009080AD /* Debug */ = {
			isa = XCBuildConfiguration;
			buildSettings = {
				ASSETCATALOG_COMPILER_APPICON_NAME = AppIcon;
				ASSETCATALOG_COMPILER_GLOBAL_ACCENT_COLOR_NAME = AccentColor;
				CODE_SIGN_STYLE = Automatic;
				CURRENT_PROJECT_VERSION = 1;
				GENERATE_INFOPLIST_FILE = YES;
				INFOPLIST_FILE = "iOS (App)/Info.plist";
				INFOPLIST_KEY_CFBundleDisplayName = "Pinpoint Accessibility Checker";
				INFOPLIST_KEY_UIApplicationSupportsIndirectInputEvents = YES;
				INFOPLIST_KEY_UILaunchStoryboardName = LaunchScreen;
				INFOPLIST_KEY_UIMainStoryboardFile = Main;
				INFOPLIST_KEY_UISupportedInterfaceOrientations = "UIInterfaceOrientationPortrait UIInterfaceOrientationLandscapeLeft UIInterfaceOrientationLandscapeRight";
				INFOPLIST_KEY_UISupportedInterfaceOrientations_iPad = "UIInterfaceOrientationPortrait UIInterfaceOrientationPortraitUpsideDown UIInterfaceOrientationLandscapeLeft UIInterfaceOrientationLandscapeRight";
				IPHONEOS_DEPLOYMENT_TARGET = 15.0;
				LD_RUNPATH_SEARCH_PATHS = (
					"$(inherited)",
					"@executable_path/Frameworks",
				);
				MARKETING_VERSION = 1.0;
				OTHER_LDFLAGS = (
					"-framework",
					SafariServices,
					"-framework",
					WebKit,
				);
				PRODUCT_BUNDLE_IDENTIFIER = com.pinpoint.accessibilitychecker.dev;
				PRODUCT_NAME = "Pinpoint Accessibility Checker";
				SDKROOT = iphoneos;
				STRING_CATALOG_GENERATE_SYMBOLS = YES;
				SWIFT_APPROACHABLE_CONCURRENCY = YES;
				SWIFT_DEFAULT_ACTOR_ISOLATION = MainActor;
				SWIFT_EMIT_LOC_STRINGS = YES;
				SWIFT_UPCOMING_FEATURE_MEMBER_IMPORT_VISIBILITY = YES;
				SWIFT_VERSION = 5.0;
				TARGETED_DEVICE_FAMILY = "1,2";
			};
			name = Debug;
		};
		1FF871992FA41A60009080AD /* Release */ = {
			isa = XCBuildConfiguration;
			buildSettings = {
				ASSETCATALOG_COMPILER_APPICON_NAME = AppIcon;
				ASSETCATALOG_COMPILER_GLOBAL_ACCENT_COLOR_NAME = AccentColor;
				CODE_SIGN_STYLE = Automatic;
				CURRENT_PROJECT_VERSION = 1;
				GENERATE_INFOPLIST_FILE = YES;
				INFOPLIST_FILE = "iOS (App)/Info.plist";
				INFOPLIST_KEY_CFBundleDisplayName = "Pinpoint Accessibility Checker";
				INFOPLIST_KEY_UIApplicationSupportsIndirectInputEvents = YES;
				INFOPLIST_KEY_UILaunchStoryboardName = LaunchScreen;
				INFOPLIST_KEY_UIMainStoryboardFile = Main;
				INFOPLIST_KEY_UISupportedInterfaceOrientations = "UIInterfaceOrientationPortrait UIInterfaceOrientationLandscapeLeft UIInterfaceOrientationLandscapeRight";
				INFOPLIST_KEY_UISupportedInterfaceOrientations_iPad = "UIInterfaceOrientationPortrait UIInterfaceOrientationPortraitUpsideDown UIInterfaceOrientationLandscapeLeft UIInterfaceOrientationLandscapeRight";
				IPHONEOS_DEPLOYMENT_TARGET = 15.0;
				LD_RUNPATH_SEARCH_PATHS = (
					"$(inherited)",
					"@executable_path/Frameworks",
				);
				MARKETING_VERSION = 1.0;
				OTHER_LDFLAGS = (
					"-framework",
					SafariServices,
					"-framework",
					WebKit,
				);
				PRODUCT_BUNDLE_IDENTIFIER = com.pinpoint.accessibilitychecker.dev;
				PRODUCT_NAME = "Pinpoint Accessibility Checker";
				SDKROOT = iphoneos;
				STRING_CATALOG_GENERATE_SYMBOLS = YES;
				SWIFT_APPROACHABLE_CONCURRENCY = YES;
				SWIFT_DEFAULT_ACTOR_ISOLATION = MainActor;
				SWIFT_EMIT_LOC_STRINGS = YES;
				SWIFT_UPCOMING_FEATURE_MEMBER_IMPORT_VISIBILITY = YES;
				SWIFT_VERSION = 5.0;
				TARGETED_DEVICE_FAMILY = "1,2";
				VALIDATE_PRODUCT = YES;
			};
			name = Release;
		};
		1FF8719B2FA41A60009080AD /* Debug */ = {
			isa = XCBuildConfiguration;
			buildSettings = {
				CODE_SIGN_STYLE = Automatic;
				CURRENT_PROJECT_VERSION = 1;
				ENABLE_APP_SANDBOX = YES;
				ENABLE_HARDENED_RUNTIME = YES;
				ENABLE_USER_SELECTED_FILES = readonly;
				GENERATE_INFOPLIST_FILE = YES;
				INFOPLIST_FILE = "macOS (Extension)/Info.plist";
				INFOPLIST_KEY_CFBundleDisplayName = "Pinpoint Accessibility Checker Extension";
				INFOPLIST_KEY_NSHumanReadableCopyright = "";
				LD_RUNPATH_SEARCH_PATHS = (
					"$(inherited)",
					"@executable_path/../Frameworks",
					"@executable_path/../../../../Frameworks",
				);
				MACOSX_DEPLOYMENT_TARGET = 10.14;
				MARKETING_VERSION = 1.0;
				OTHER_LDFLAGS = (
					"-framework",
					SafariServices,
				);
				PRODUCT_BUNDLE_IDENTIFIER = com.pinpoint.accessibilitychecker.dev.Extension;
				PRODUCT_NAME = "Pinpoint Accessibility Checker Extension";
				SDKROOT = macosx;
				SKIP_INSTALL = YES;
				STRING_CATALOG_GENERATE_SYMBOLS = YES;
				SWIFT_APPROACHABLE_CONCURRENCY = YES;
				SWIFT_EMIT_LOC_STRINGS = YES;
				SWIFT_UPCOMING_FEATURE_MEMBER_IMPORT_VISIBILITY = YES;
				SWIFT_VERSION = 5.0;
			};
			name = Debug;
		};
		1FF8719C2FA41A60009080AD /* Release */ = {
			isa = XCBuildConfiguration;
			buildSettings = {
				CODE_SIGN_STYLE = Automatic;
				CURRENT_PROJECT_VERSION = 1;
				ENABLE_APP_SANDBOX = YES;
				ENABLE_HARDENED_RUNTIME = YES;
				ENABLE_USER_SELECTED_FILES = readonly;
				GENERATE_INFOPLIST_FILE = YES;
				INFOPLIST_FILE = "macOS (Extension)/Info.plist";
				INFOPLIST_KEY_CFBundleDisplayName = "Pinpoint Accessibility Checker Extension";
				INFOPLIST_KEY_NSHumanReadableCopyright = "";
				LD_RUNPATH_SEARCH_PATHS = (
					"$(inherited)",
					"@executable_path/../Frameworks",
					"@executable_path/../../../../Frameworks",
				);
				MACOSX_DEPLOYMENT_TARGET = 10.14;
				MARKETING_VERSION = 1.0;
				OTHER_LDFLAGS = (
					"-framework",
					SafariServices,
				);
				PRODUCT_BUNDLE_IDENTIFIER = com.pinpoint.accessibilitychecker.dev.Extension;
				PRODUCT_NAME = "Pinpoint Accessibility Checker Extension";
				SDKROOT = macosx;
				SKIP_INSTALL = YES;
				STRING_CATALOG_GENERATE_SYMBOLS = YES;
				SWIFT_APPROACHABLE_CONCURRENCY = YES;
				SWIFT_EMIT_LOC_STRINGS = YES;
				SWIFT_UPCOMING_FEATURE_MEMBER_IMPORT_VISIBILITY = YES;
				SWIFT_VERSION = 5.0;
			};
			name = Release;
		};
		1FF8719F2FA41A60009080AD /* Debug */ = {
			isa = XCBuildConfiguration;
			buildSettings = {
				ASSETCATALOG_COMPILER_APPICON_NAME = AppIcon;
				ASSETCATALOG_COMPILER_GLOBAL_ACCENT_COLOR_NAME = AccentColor;
				CODE_SIGN_STYLE = Automatic;
				CURRENT_PROJECT_VERSION = 1;
				ENABLE_APP_SANDBOX = YES;
				ENABLE_HARDENED_RUNTIME = YES;
				ENABLE_OUTGOING_NETWORK_CONNECTIONS = YES;
				ENABLE_USER_SELECTED_FILES = readonly;
				GENERATE_INFOPLIST_FILE = YES;
				INFOPLIST_FILE = "macOS (App)/Info.plist";
				INFOPLIST_KEY_CFBundleDisplayName = "Pinpoint Accessibility Checker";
				INFOPLIST_KEY_NSMainStoryboardFile = Main;
				INFOPLIST_KEY_NSPrincipalClass = NSApplication;
				LD_RUNPATH_SEARCH_PATHS = (
					"$(inherited)",
					"@executable_path/../Frameworks",
				);
				MACOSX_DEPLOYMENT_TARGET = 10.14;
				MARKETING_VERSION = 1.0;
				OTHER_LDFLAGS = (
					"-framework",
					SafariServices,
					"-framework",
					WebKit,
				);
				PRODUCT_BUNDLE_IDENTIFIER = com.pinpoint.accessibilitychecker.dev;
				PRODUCT_NAME = "Pinpoint Accessibility Checker";
				REGISTER_APP_GROUPS = YES;
				SDKROOT = macosx;
				STRING_CATALOG_GENERATE_SYMBOLS = YES;
				SWIFT_APPROACHABLE_CONCURRENCY = YES;
				SWIFT_DEFAULT_ACTOR_ISOLATION = MainActor;
				SWIFT_EMIT_LOC_STRINGS = YES;
				SWIFT_UPCOMING_FEATURE_MEMBER_IMPORT_VISIBILITY = YES;
				SWIFT_VERSION = 5.0;
			};
			name = Debug;
		};
		1FF871A02FA41A60009080AD /* Release */ = {
			isa = XCBuildConfiguration;
			buildSettings = {
				ASSETCATALOG_COMPILER_APPICON_NAME = AppIcon;
				ASSETCATALOG_COMPILER_GLOBAL_ACCENT_COLOR_NAME = AccentColor;
				CODE_SIGN_STYLE = Automatic;
				CURRENT_PROJECT_VERSION = 1;
				ENABLE_APP_SANDBOX = YES;
				ENABLE_HARDENED_RUNTIME = YES;
				ENABLE_OUTGOING_NETWORK_CONNECTIONS = YES;
				ENABLE_USER_SELECTED_FILES = readonly;
				GENERATE_INFOPLIST_FILE = YES;
				INFOPLIST_FILE = "macOS (App)/Info.plist";
				INFOPLIST_KEY_CFBundleDisplayName = "Pinpoint Accessibility Checker";
				INFOPLIST_KEY_NSMainStoryboardFile = Main;
				INFOPLIST_KEY_NSPrincipalClass = NSApplication;
				LD_RUNPATH_SEARCH_PATHS = (
					"$(inherited)",
					"@executable_path/../Frameworks",
				);
				MACOSX_DEPLOYMENT_TARGET = 10.14;
				MARKETING_VERSION = 1.0;
				OTHER_LDFLAGS = (
					"-framework",
					SafariServices,
					"-framework",
					WebKit,
				);
				PRODUCT_BUNDLE_IDENTIFIER = com.pinpoint.accessibilitychecker.dev;
				PRODUCT_NAME = "Pinpoint Accessibility Checker";
				REGISTER_APP_GROUPS = YES;
				SDKROOT = macosx;
				STRING_CATALOG_GENERATE_SYMBOLS = YES;
				SWIFT_APPROACHABLE_CONCURRENCY = YES;
				SWIFT_DEFAULT_ACTOR_ISOLATION = MainActor;
				SWIFT_EMIT_LOC_STRINGS = YES;
				SWIFT_UPCOMING_FEATURE_MEMBER_IMPORT_VISIBILITY = YES;
				SWIFT_VERSION = 5.0;
			};
			name = Release;
		};
/* End XCBuildConfiguration section */

/* Begin XCConfigurationList section */
		1FF871452FA41A5F009080AD /* Build configuration list for PBXProject "Pinpoint Accessibility Checker" */ = {
			isa = XCConfigurationList;
			buildConfigurations = (
				1FF871912FA41A60009080AD /* Debug */,
				1FF871922FA41A60009080AD /* Release */,
			);
			defaultConfigurationIsVisible = 0;
			defaultConfigurationName = Release;
		};
		1FF871932FA41A60009080AD /* Build configuration list for PBXNativeTarget "Pinpoint Accessibility Checker Extension (iOS)" */ = {
			isa = XCConfigurationList;
			buildConfigurations = (
				1FF871942FA41A60009080AD /* Debug */,
				1FF871952FA41A60009080AD /* Release */,
			);
			defaultConfigurationIsVisible = 0;
			defaultConfigurationName = Release;
		};
		1FF871972FA41A60009080AD /* Build configuration list for PBXNativeTarget "Pinpoint Accessibility Checker (iOS)" */ = {
			isa = XCConfigurationList;
			buildConfigurations = (
				1FF871982FA41A60009080AD /* Debug */,
				1FF871992FA41A60009080AD /* Release */,
			);
			defaultConfigurationIsVisible = 0;
			defaultConfigurationName = Release;
		};
		1FF8719A2FA41A60009080AD /* Build configuration list for PBXNativeTarget "Pinpoint Accessibility Checker Extension (macOS)" */ = {
			isa = XCConfigurationList;
			buildConfigurations = (
				1FF8719B2FA41A60009080AD /* Debug */,
				1FF8719C2FA41A60009080AD /* Release */,
			);
			defaultConfigurationIsVisible = 0;
			defaultConfigurationName = Release;
		};
		1FF8719E2FA41A60009080AD /* Build configuration list for PBXNativeTarget "Pinpoint Accessibility Checker (macOS)" */ = {
			isa = XCConfigurationList;
			buildConfigurations = (
				1FF8719F2FA41A60009080AD /* Debug */,
				1FF871A02FA41A60009080AD /* Release */,
			);
			defaultConfigurationIsVisible = 0;
			defaultConfigurationName = Release;
		};
/* End XCConfigurationList section */
	};
	rootObject = 1FF871422FA41A5F009080AD /* Project object */;
}
